// !$*UTF8*$!
{
	archiveVersion = 1;
	classes = {
	};
	objectVersion = 46;
	objects = {

/* Begin PBXBuildFile section */
		BD021862203184470039BCCD /* AppBundleTest.swift in Sources */ = {isa = PBXBuildFile; fileRef = BD021861203184470039BCCD /* AppBundleTest.swift */; };
		BD021864203187A50039BCCD /* AppBundleTest in Resources */ = {isa = PBXBuildFile; fileRef = BD021863203187A50039BCCD /* AppBundleTest */; };
		BD081A121AB05EFA00B8E948 /* Project.swift in Sources */ = {isa = PBXBuildFile; fileRef = BD081A111AB05EFA00B8E948 /* Project.swift */; };
		BD081A291AB0ADEF00B8E948 /* Localizable.strings in Resources */ = {isa = PBXBuildFile; fileRef = BD081A271AB0ADEF00B8E948 /* Localizable.strings */; };
		BD081A601AB1BB6000B8E948 /* ProjectTest.swift in Sources */ = {isa = PBXBuildFile; fileRef = BD081A5F1AB1BB6000B8E948 /* ProjectTest.swift */; };
		BD0C8EA41DBCC1680092C886 /* ObjectiveGit.framework in Embed Frameworks */ = {isa = PBXBuildFile; fileRef = BD0C8EA31DBCC1680092C886 /* ObjectiveGit.framework */; settings = {ATTRIBUTES = (CodeSignOnCopy, RemoveHeadersOnCopy, ); }; };
		BD105019203A32680051F0D5 /* Directory+Windmill.swift in Sources */ = {isa = PBXBuildFile; fileRef = BD105018203A32680051F0D5 /* Directory+Windmill.swift */; };
		BD105047203A84530051F0D5 /* ConfigurationTest.swift in Sources */ = {isa = PBXBuildFile; fileRef = BD105046203A84530051F0D5 /* ConfigurationTest.swift */; };
		BD10504A203A84AE0051F0D5 /* ConfigurationTest in Resources */ = {isa = PBXBuildFile; fileRef = BD105049203A84AE0051F0D5 /* ConfigurationTest */; };
		BD10504C203A88650051F0D5 /* ProcessTest in Resources */ = {isa = PBXBuildFile; fileRef = BD10504B203A88650051F0D5 /* ProcessTest */; };
		BD12E11F1F521A19001B4A80 /* SidePanelViewController.swift in Sources */ = {isa = PBXBuildFile; fileRef = BD12E11E1F521A19001B4A80 /* SidePanelViewController.swift */; };
		BD14BC1D2051E0C70052AAA2 /* RecoverableProcessTest.swift in Sources */ = {isa = PBXBuildFile; fileRef = BD14BC1C2051E0C70052AAA2 /* RecoverableProcessTest.swift */; };
		BD14BC202051E5CF0052AAA2 /* exit.sh in Resources */ = {isa = PBXBuildFile; fileRef = BD14BC1F2051E5CF0052AAA2 /* exit.sh */; };
		BD14BC232051EEB00052AAA2 /* project-with-build-errors in Resources */ = {isa = PBXBuildFile; fileRef = BD14BC212051EEB00052AAA2 /* project-with-build-errors */; };
		BD14BC242051EEB00052AAA2 /* project-with-unit-tests in Resources */ = {isa = PBXBuildFile; fileRef = BD14BC222051EEB00052AAA2 /* project-with-unit-tests */; };
		BD182C102026878A00E98E02 /* Acknowledgements.rtf in Resources */ = {isa = PBXBuildFile; fileRef = BD182C0F2026878A00E98E02 /* Acknowledgements.rtf */; };
		BD189BC81FF9FD3000BBEBA4 /* MetadataPlistEncodedTest.swift in Sources */ = {isa = PBXBuildFile; fileRef = BD189BC71FF9FD3000BBEBA4 /* MetadataPlistEncodedTest.swift */; };
		BD189BCB1FF9FD5900BBEBA4 /* DistributionSummary.plist in Resources */ = {isa = PBXBuildFile; fileRef = BD189BCA1FF9FD5900BBEBA4 /* DistributionSummary.plist */; };
		BD1B0D182044EC1000E513B5 /* ObjectiveGit.framework in Frameworks */ = {isa = PBXBuildFile; fileRef = BD0C8EA31DBCC1680092C886 /* ObjectiveGit.framework */; };
		BD1D17FF1F44BC670015C13C /* ProcessManager.swift in Sources */ = {isa = PBXBuildFile; fileRef = BD1D17FE1F44BC670015C13C /* ProcessManager.swift */; };
		BD1D18011F44BE520015C13C /* ProcessManagerTest.swift in Sources */ = {isa = PBXBuildFile; fileRef = BD1D18001F44BE520015C13C /* ProcessManagerTest.swift */; };
		BD1F0CDB2050CB2F004913B3 /* InfoWithUnsupportedDocumentLocationData.plist in Resources */ = {isa = PBXBuildFile; fileRef = BD1F0CDA2050CB2F004913B3 /* InfoWithUnsupportedDocumentLocationData.plist */; };
		BD20C29A204D14CF00805F37 /* Localizable.stringsdict in Resources */ = {isa = PBXBuildFile; fileRef = BD20C298204D14CF00805F37 /* Localizable.stringsdict */; };
		BD243A861C42AB570015A13A /* Main.storyboard in Resources */ = {isa = PBXBuildFile; fileRef = BD243A851C42AB570015A13A /* Main.storyboard */; };
		BD243A8A1C42BE2A0015A13A /* NSStoryboard+WindmillStoryboard.swift in Sources */ = {isa = PBXBuildFile; fileRef = BD243A891C42BE2A0015A13A /* NSStoryboard+WindmillStoryboard.swift */; };
		BD24DBF6205248E20080A09F /* Xcode.swift in Sources */ = {isa = PBXBuildFile; fileRef = BD24DBF5205248E20080A09F /* Xcode.swift */; };
		BD25DB791C9ED2700001FEDF /* MainViewController.swift in Sources */ = {isa = PBXBuildFile; fileRef = BD25DB781C9ED2700001FEDF /* MainViewController.swift */; };
		BD2CEE53203117EC0048969D /* AppBundle.swift in Sources */ = {isa = PBXBuildFile; fileRef = BD2CEE52203117EC0048969D /* AppBundle.swift */; };
		BD2CEE5520316DB10048969D /* BuildSettings.swift in Sources */ = {isa = PBXBuildFile; fileRef = BD2CEE5420316DB10048969D /* BuildSettings.swift */; };
		BD2CEE57203175900048969D /* Devices.swift in Sources */ = {isa = PBXBuildFile; fileRef = BD2CEE56203175900048969D /* Devices.swift */; };
		BD30160319BB0F79001134F8 /* AppDelegate.swift in Sources */ = {isa = PBXBuildFile; fileRef = BD30160019BB0F79001134F8 /* AppDelegate.swift */; };
		BD30160519BB0F79001134F8 /* Keychain.swift in Sources */ = {isa = PBXBuildFile; fileRef = BD30160219BB0F79001134F8 /* Keychain.swift */; };
		BD30160A19BCBCFD001134F8 /* Process+Windmill.swift in Sources */ = {isa = PBXBuildFile; fileRef = BD30160919BCBCFD001134F8 /* Process+Windmill.swift */; };
		BD30160C19BCBE30001134F8 /* NSPasteboard.swift in Sources */ = {isa = PBXBuildFile; fileRef = BD30160B19BCBE30001134F8 /* NSPasteboard.swift */; };
		BD36CA4F205A40A2000B0A2B /* TestReportView.xib in Resources */ = {isa = PBXBuildFile; fileRef = BD36CA4E205A40A2000B0A2B /* TestReportView.xib */; };
		BD36CA51205A410C000B0A2B /* TestReportView.swift in Sources */ = {isa = PBXBuildFile; fileRef = BD36CA50205A410C000B0A2B /* TestReportView.swift */; };
		BD36CAAB205B40F0000B0A2B /* TestFailureSummaries.storyboard in Resources */ = {isa = PBXBuildFile; fileRef = BD36CAAA205B40F0000B0A2B /* TestFailureSummaries.storyboard */; };
		BD36CAAD205B411E000B0A2B /* TestFailureSummariesWindowController.swift in Sources */ = {isa = PBXBuildFile; fileRef = BD36CAAC205B411E000B0A2B /* TestFailureSummariesWindowController.swift */; };
		BD36CAAF205B4180000B0A2B /* TestFailureSummariesViewController.swift in Sources */ = {isa = PBXBuildFile; fileRef = BD36CAAE205B4180000B0A2B /* TestFailureSummariesViewController.swift */; };
		BD4762061F16496F00F5188C /* Project+ObjectiveGit.swift in Sources */ = {isa = PBXBuildFile; fileRef = BD4762051F16496F00F5188C /* Project+ObjectiveGit.swift */; };
		BD49F78E204B64C700F64687 /* ErrorSummaries.storyboard in Resources */ = {isa = PBXBuildFile; fileRef = BD49F78D204B64C700F64687 /* ErrorSummaries.storyboard */; };
		BD49F790204B730600F64687 /* ErrorSummariesViewController.swift in Sources */ = {isa = PBXBuildFile; fileRef = BD49F78F204B730600F64687 /* ErrorSummariesViewController.swift */; };
		BD49F792204B766B00F64687 /* ErrorSummariesWindowController.swift in Sources */ = {isa = PBXBuildFile; fileRef = BD49F791204B766B00F64687 /* ErrorSummariesWindowController.swift */; };
		BD49F794204B9DCA00F64687 /* SummaryViewController.swift in Sources */ = {isa = PBXBuildFile; fileRef = BD49F793204B9DCA00F64687 /* SummaryViewController.swift */; };
		BD49FAAC20290C4500E12CB4 /* Sequence.swift in Sources */ = {isa = PBXBuildFile; fileRef = BD49FAAB20290C4500E12CB4 /* Sequence.swift */; };
		BD4D04AC2053D02E00C5D8CE /* ProjectTitlebarAccessoryViewController.swift in Sources */ = {isa = PBXBuildFile; fileRef = BD4D04AB2053D02E00C5D8CE /* ProjectTitlebarAccessoryViewController.swift */; };
		BD4D04AE2053D0FB00C5D8CE /* ProjectTitlebarAccessoryViewController.xib in Resources */ = {isa = PBXBuildFile; fileRef = BD4D04AD2053D0FB00C5D8CE /* ProjectTitlebarAccessoryViewController.xib */; };
		BD4D24321F52E1160047AF02 /* SidePanelSplitViewController.swift in Sources */ = {isa = PBXBuildFile; fileRef = BD4D24311F52E1160047AF02 /* SidePanelSplitViewController.swift */; };
		BD6635881FF9DC1500951779 /* MetadataJSONEncoded.swift in Sources */ = {isa = PBXBuildFile; fileRef = BD6635871FF9DC1500951779 /* MetadataJSONEncoded.swift */; };
		BD68054A202C120200F38D3B /* SequenceTest.swift in Sources */ = {isa = PBXBuildFile; fileRef = BD680549202C120200F38D3B /* SequenceTest.swift */; };
		BD680580202C147D00F38D3B /* helloword-no-test-target in Resources */ = {isa = PBXBuildFile; fileRef = BD68057E202C144B00F38D3B /* helloword-no-test-target */; };
		BD680582202C15C000F38D3B /* metadata in Resources */ = {isa = PBXBuildFile; fileRef = BD680581202C15C000F38D3B /* metadata */; };
		BD680586202C1AC700F38D3B /* helloworld in Resources */ = {isa = PBXBuildFile; fileRef = BD680585202C1AC700F38D3B /* helloworld */; };
		BD680588202C222300F38D3B /* no_simulator_available in Resources */ = {isa = PBXBuildFile; fileRef = BD680587202C222200F38D3B /* no_simulator_available */; };
		BD74665C2044DE3E009262DD /* InfoWithOneErrorCount.plist in Resources */ = {isa = PBXBuildFile; fileRef = BD74665B2044DE3E009262DD /* InfoWithOneErrorCount.plist */; };
		BD74665E2044E2DC009262DD /* TextDocumentLocation.swift in Sources */ = {isa = PBXBuildFile; fileRef = BD74665D2044E2DC009262DD /* TextDocumentLocation.swift */; };
		BD79D70F1AB210CD00596928 /* NSFileManager+Windmill.swift in Sources */ = {isa = PBXBuildFile; fileRef = BD79D70E1AB210CD00596928 /* NSFileManager+Windmill.swift */; };
		BD7A7BA4201DB800002AFCC5 /* LinkLabel.swift in Sources */ = {isa = PBXBuildFile; fileRef = BD7A7BA3201DB800002AFCC5 /* LinkLabel.swift */; };
		BD7DDBFC204A5A57003541E8 /* InfoWithManyErrorCount.plist in Resources */ = {isa = PBXBuildFile; fileRef = BD7DDBFB204A5A57003541E8 /* InfoWithManyErrorCount.plist */; };
		BD83640720392AC200D1D381 /* CharacterSet+Windmill.swift in Sources */ = {isa = PBXBuildFile; fileRef = BD83640620392AC200D1D381 /* CharacterSet+Windmill.swift */; };
		BD8364092039314200D1D381 /* CharacterSetTest.swift in Sources */ = {isa = PBXBuildFile; fileRef = BD8364082039314200D1D381 /* CharacterSetTest.swift */; };
		BD8FBE11204C96F20004C064 /* HelloWindmill.xcarchive in Resources */ = {isa = PBXBuildFile; fileRef = BD8FBE10204C96F20004C064 /* HelloWindmill.xcarchive */; };
		BD8FBE13204C98870004C064 /* ProcessMonitorFailOnUnsuccessfulExit.swift in Sources */ = {isa = PBXBuildFile; fileRef = BD8FBE12204C98870004C064 /* ProcessMonitorFailOnUnsuccessfulExit.swift */; };
		BD915E71202036B8006551A5 /* GettingStartedWindowController.swift in Sources */ = {isa = PBXBuildFile; fileRef = BD915E6F202036B8006551A5 /* GettingStartedWindowController.swift */; };
		BD915E72202036B8006551A5 /* GettingStartedWindowController.xib in Resources */ = {isa = PBXBuildFile; fileRef = BD915E70202036B8006551A5 /* GettingStartedWindowController.xib */; };
		BD915E742020715A006551A5 /* getting-started.mp4 in Resources */ = {isa = PBXBuildFile; fileRef = BD915E7320207139006551A5 /* getting-started.mp4 */; };
		BD91A70D1F41E758004CA64B /* ArchiveView.swift in Sources */ = {isa = PBXBuildFile; fileRef = BD91A70C1F41E758004CA64B /* ArchiveView.swift */; };
		BD91A7111F41EFDE004CA64B /* ActivityView.xib in Resources */ = {isa = PBXBuildFile; fileRef = BD91A70F1F41E78D004CA64B /* ActivityView.xib */; };
		BD91A7121F41F022004CA64B /* ArchiveView.xib in Resources */ = {isa = PBXBuildFile; fileRef = BD91A7101F41E791004CA64B /* ArchiveView.xib */; };
		BD91A7141F420665004CA64B /* NSView+Windmill.swift in Sources */ = {isa = PBXBuildFile; fileRef = BD91A7131F420665004CA64B /* NSView+Windmill.swift */; };
		BD91A7171F42E9B8004CA64B /* Process+Windmill.swift in Sources */ = {isa = PBXBuildFile; fileRef = BD91A7161F42E9B8004CA64B /* Process+Windmill.swift */; };
		BD91EB5C19491C40002D8C1C /* Scripts in Resources */ = {isa = PBXBuildFile; fileRef = BD91EB5B19491C40002D8C1C /* Scripts */; };
		BD947845205395DA00878731 /* AppView.xib in Resources */ = {isa = PBXBuildFile; fileRef = BD947844205395DA00878731 /* AppView.xib */; };
		BD947847205395FD00878731 /* AppView.swift in Sources */ = {isa = PBXBuildFile; fileRef = BD947846205395FD00878731 /* AppView.swift */; };
		BDAA0581205FAEC600B295AF /* 25Lines.txt in Resources */ = {isa = PBXBuildFile; fileRef = BDDF10C9205FAD8A0093E811 /* 25Lines.txt */; };
		BDAA0583205FAF0C00B295AF /* Empty.txt in Resources */ = {isa = PBXBuildFile; fileRef = BDAA0582205FAF0B00B295AF /* Empty.txt */; };
		BDB6D54519440392001340B4 /* Images.xcassets in Resources */ = {isa = PBXBuildFile; fileRef = BDB6D54419440392001340B4 /* Images.xcassets */; };
		BDB961082049F00500E49258 /* UserMessageView.xib in Resources */ = {isa = PBXBuildFile; fileRef = BDB961072049F00500E49258 /* UserMessageView.xib */; };
		BDB9610A2049F06800E49258 /* UserMessageView.swift in Sources */ = {isa = PBXBuildFile; fileRef = BDB961092049F06800E49258 /* UserMessageView.swift */; };
		BDB96138204A500100E49258 /* ResultBundle.swift in Sources */ = {isa = PBXBuildFile; fileRef = BDB96137204A500100E49258 /* ResultBundle.swift */; };
		BDB9613A204A56DC00E49258 /* ResultBundleTest.swift in Sources */ = {isa = PBXBuildFile; fileRef = BDB96139204A56DC00E49258 /* ResultBundleTest.swift */; };
		BDB9613D204A581D00E49258 /* InfoWithZeroErrorCount.plist in Resources */ = {isa = PBXBuildFile; fileRef = BDB9613C204A581D00E49258 /* InfoWithZeroErrorCount.plist */; };
		BDBD52091CD5ED4B0023F460 /* CAAnimation+Windmill.swift in Sources */ = {isa = PBXBuildFile; fileRef = BDBD52081CD5ED4B0023F460 /* CAAnimation+Windmill.swift */; };
		BDBD520D1CD6053B0023F460 /* ActivityView.swift in Sources */ = {isa = PBXBuildFile; fileRef = BDBD520C1CD6053B0023F460 /* ActivityView.swift */; };
		BDBE325F1F31301200BCE4D9 /* ActivityType.swift in Sources */ = {isa = PBXBuildFile; fileRef = BDBE325E1F31301200BCE4D9 /* ActivityType.swift */; };
		BDC1E93319BCCC90009A3E42 /* WindmillKeychain.swift in Sources */ = {isa = PBXBuildFile; fileRef = BDC1E93219BCCC90009A3E42 /* WindmillKeychain.swift */; };
		BDC9D4961C43164C00FA018E /* MainWindowController.swift in Sources */ = {isa = PBXBuildFile; fileRef = BDC9D4951C43164C00FA018E /* MainWindowController.swift */; };
		BDCB38291F06B9BA000825C1 /* WindmillTest.swift in Sources */ = {isa = PBXBuildFile; fileRef = BDCB38281F06B9BA000825C1 /* WindmillTest.swift */; };
		BDCB382B1F06B9FB000825C1 /* ConsoleViewControllerTest.swift in Sources */ = {isa = PBXBuildFile; fileRef = BDCB382A1F06B9FB000825C1 /* ConsoleViewControllerTest.swift */; };
		BDCEFE491CD6B58D004D2890 /* Windmill.swift in Sources */ = {isa = PBXBuildFile; fileRef = BDCEFE481CD6B58D004D2890 /* Windmill.swift */; };
		BDD002011AB2F24F00F8E34A /* Directory.swift in Sources */ = {isa = PBXBuildFile; fileRef = BDD002001AB2F24F00F8E34A /* Directory.swift */; };
		BDD002031AB2F26400F8E34A /* PathComponent.swift in Sources */ = {isa = PBXBuildFile; fileRef = BDD002021AB2F26400F8E34A /* PathComponent.swift */; };
		BDD002071AB3244600F8E34A /* Operators.swift in Sources */ = {isa = PBXBuildFile; fileRef = BDD002061AB3244600F8E34A /* Operators.swift */; };
		BDD002091AB6D61900F8E34A /* NSFileManagerTest.swift in Sources */ = {isa = PBXBuildFile; fileRef = BDD002081AB6D61900F8E34A /* NSFileManagerTest.swift */; };
		BDD002121AB870FF00F8E34A /* Array+WindmillArray.swift in Sources */ = {isa = PBXBuildFile; fileRef = BDD002111AB870FF00F8E34A /* Array+WindmillArray.swift */; };
		BDD002141AB87B5B00F8E34A /* NSError+WindmillError.swift in Sources */ = {isa = PBXBuildFile; fileRef = BDD002131AB87B5B00F8E34A /* NSError+WindmillError.swift */; };
		BDD002161AB87B7900F8E34A /* WindmillDelegate.swift in Sources */ = {isa = PBXBuildFile; fileRef = BDD002151AB87B7900F8E34A /* WindmillDelegate.swift */; };
		BDD002181AB8807A00F8E34A /* Projects.swift in Sources */ = {isa = PBXBuildFile; fileRef = BDD002171AB8807A00F8E34A /* Projects.swift */; };
		BDD0021A1AB8B5AD00F8E34A /* Alerts.swift in Sources */ = {isa = PBXBuildFile; fileRef = BDD002191AB8B5AD00F8E34A /* Alerts.swift */; };
		BDD002211ABA3ECD00F8E34A /* Scripts.swift in Sources */ = {isa = PBXBuildFile; fileRef = BDD002201ABA3ECD00F8E34A /* Scripts.swift */; };
		BDD002251ABB21B900F8E34A /* NSColor+WindmillColor.swift in Sources */ = {isa = PBXBuildFile; fileRef = BDD002241ABB21B900F8E34A /* NSColor+WindmillColor.swift */; };
		BDD5209B1FEA364300104FC3 /* Configuration.swift in Sources */ = {isa = PBXBuildFile; fileRef = BDD5209A1FEA364300104FC3 /* Configuration.swift */; };
		BDD66B0F1DBCC192002EC340 /* ObjectiveGit.framework in Frameworks */ = {isa = PBXBuildFile; fileRef = BD0C8EA31DBCC1680092C886 /* ObjectiveGit.framework */; };
		BDD6F0A520182AF200D63D74 /* ArtefactView.xib in Resources */ = {isa = PBXBuildFile; fileRef = BDD6F0A420182AF200D63D74 /* ArtefactView.xib */; };
		BDD6F0A720182B0F00D63D74 /* ArtefactView.swift in Sources */ = {isa = PBXBuildFile; fileRef = BDD6F0A620182B0F00D63D74 /* ArtefactView.swift */; };
		BDD6F0A920185C8900D63D74 /* ExportView.xib in Resources */ = {isa = PBXBuildFile; fileRef = BDD6F0A820185C8900D63D74 /* ExportView.xib */; };
		BDD6F0AB20185D2A00D63D74 /* ExportView.swift in Sources */ = {isa = PBXBuildFile; fileRef = BDD6F0AA20185D2A00D63D74 /* ExportView.swift */; };
		BDD6F0AD20186EBB00D63D74 /* ArtefactsViewController.swift in Sources */ = {isa = PBXBuildFile; fileRef = BDD6F0AC20186EBB00D63D74 /* ArtefactsViewController.swift */; };
		BDD6F0AF20187C2500D63D74 /* Export.swift in Sources */ = {isa = PBXBuildFile; fileRef = BDD6F0AE20187C2500D63D74 /* Export.swift */; };
		BDD6F0B12018B57500D63D74 /* DeployView.xib in Resources */ = {isa = PBXBuildFile; fileRef = BDD6F0B02018B57500D63D74 /* DeployView.xib */; };
		BDD6F0B32018B5C100D63D74 /* DeployView.swift in Sources */ = {isa = PBXBuildFile; fileRef = BDD6F0B22018B5C100D63D74 /* DeployView.swift */; };
		BDDF108B205B59680093E811 /* SummariesViewController.swift in Sources */ = {isa = PBXBuildFile; fileRef = BDDF108A205B59680093E811 /* SummariesViewController.swift */; };
		BDDF108F205B6D0D0093E811 /* TextDocumentLocation+Windmill.swift in Sources */ = {isa = PBXBuildFile; fileRef = BDDF108E205B6D0D0093E811 /* TextDocumentLocation+Windmill.swift */; };
		BDDF1091205BDEAD0093E811 /* TestReport.swift in Sources */ = {isa = PBXBuildFile; fileRef = BDDF1090205BDEAD0093E811 /* TestReport.swift */; };
		BDDF10C0205FA7020093E811 /* LineEnumerator.swift in Sources */ = {isa = PBXBuildFile; fileRef = BDDF10BF205FA7020093E811 /* LineEnumerator.swift */; };
		BDDF10C2205FA73C0093E811 /* TextViewRuler.swift in Sources */ = {isa = PBXBuildFile; fileRef = BDDF10C1205FA73C0093E811 /* TextViewRuler.swift */; };
		BDDF10C4205FA7800093E811 /* NSTextView+LineEnumerator.swift in Sources */ = {isa = PBXBuildFile; fileRef = BDDF10C3205FA7800093E811 /* NSTextView+LineEnumerator.swift */; };
		BDDF10C6205FAD390093E811 /* StringTest.swift in Sources */ = {isa = PBXBuildFile; fileRef = BDDF10C5205FAD390093E811 /* StringTest.swift */; };
		BDEBAD70200D8DFE00A7BBD0 /* BottomPanelSplitViewController.swift in Sources */ = {isa = PBXBuildFile; fileRef = BDEBAD6F200D8DFE00A7BBD0 /* BottomPanelSplitViewController.swift */; };
		BDEBAD72200D8FE300A7BBD0 /* ConsoleViewController.swift in Sources */ = {isa = PBXBuildFile; fileRef = BDEBAD71200D8FE300A7BBD0 /* ConsoleViewController.swift */; };
		BDF00B641F47582300572D03 /* Archive.swift in Sources */ = {isa = PBXBuildFile; fileRef = BDF00B631F47582300572D03 /* Archive.swift */; };
		BDF00B661F475A5C00572D03 /* ArchiveTest.swift in Sources */ = {isa = PBXBuildFile; fileRef = BDF00B651F475A5C00572D03 /* ArchiveTest.swift */; };
		BDF00B691F475B5100572D03 /* Info.plist in Resources */ = {isa = PBXBuildFile; fileRef = BDF00B681F475AC400572D03 /* Info.plist */; };
		BDF6B75C199A428D008B09D9 /* resources in Resources */ = {isa = PBXBuildFile; fileRef = BDF6B75B199A428C008B09D9 /* resources */; };
		BDFF4EA71F3B3DA2004C1B1E /* ProcessTest.swift in Sources */ = {isa = PBXBuildFile; fileRef = BDFF4EA61F3B3DA2004C1B1E /* ProcessTest.swift */; };
/* End PBXBuildFile section */

/* Begin PBXContainerItemProxy section */
		BDB6D54E19440392001340B4 /* PBXContainerItemProxy */ = {
			isa = PBXContainerItemProxy;
			containerPortal = BDB6D53319440392001340B4 /* Project object */;
			proxyType = 1;
			remoteGlobalIDString = BDB6D53A19440392001340B4;
			remoteInfo = windmill;
		};
/* End PBXContainerItemProxy section */

/* Begin PBXCopyFilesBuildPhase section */
		BDD1E95D1CDA920800976074 /* Embed Frameworks */ = {
			isa = PBXCopyFilesBuildPhase;
			buildActionMask = 2147483647;
			dstPath = "";
			dstSubfolderSpec = 10;
			files = (
				BD0C8EA41DBCC1680092C886 /* ObjectiveGit.framework in Embed Frameworks */,
			);
			name = "Embed Frameworks";
			runOnlyForDeploymentPostprocessing = 0;
		};
/* End PBXCopyFilesBuildPhase section */

/* Begin PBXFileReference section */
		BD021861203184470039BCCD /* AppBundleTest.swift */ = {isa = PBXFileReference; lastKnownFileType = sourcecode.swift; path = AppBundleTest.swift; sourceTree = "<group>"; };
		BD021863203187A50039BCCD /* AppBundleTest */ = {isa = PBXFileReference; lastKnownFileType = folder; path = AppBundleTest; sourceTree = "<group>"; };
		BD081A111AB05EFA00B8E948 /* Project.swift */ = {isa = PBXFileReference; fileEncoding = 4; lastKnownFileType = sourcecode.swift; path = Project.swift; sourceTree = "<group>"; };
		BD081A281AB0ADEF00B8E948 /* en */ = {isa = PBXFileReference; lastKnownFileType = text.plist.strings; name = en; path = Localizable.strings; sourceTree = "<group>"; };
		BD081A5F1AB1BB6000B8E948 /* ProjectTest.swift */ = {isa = PBXFileReference; fileEncoding = 4; lastKnownFileType = sourcecode.swift; path = ProjectTest.swift; sourceTree = "<group>"; };
		BD0C8EA31DBCC1680092C886 /* ObjectiveGit.framework */ = {isa = PBXFileReference; lastKnownFileType = wrapper.framework; name = ObjectiveGit.framework; path = Carthage/Build/Mac/ObjectiveGit.framework; sourceTree = "<group>"; };
		BD105018203A32680051F0D5 /* Directory+Windmill.swift */ = {isa = PBXFileReference; lastKnownFileType = sourcecode.swift; path = "Directory+Windmill.swift"; sourceTree = "<group>"; };
		BD105046203A84530051F0D5 /* ConfigurationTest.swift */ = {isa = PBXFileReference; lastKnownFileType = sourcecode.swift; path = ConfigurationTest.swift; sourceTree = "<group>"; };
		BD105049203A84AE0051F0D5 /* ConfigurationTest */ = {isa = PBXFileReference; lastKnownFileType = folder; path = ConfigurationTest; sourceTree = "<group>"; };
		BD10504B203A88650051F0D5 /* ProcessTest */ = {isa = PBXFileReference; lastKnownFileType = folder; path = ProcessTest; sourceTree = "<group>"; };
		BD12E11E1F521A19001B4A80 /* SidePanelViewController.swift */ = {isa = PBXFileReference; lastKnownFileType = sourcecode.swift; path = SidePanelViewController.swift; sourceTree = "<group>"; };
		BD14BC1C2051E0C70052AAA2 /* RecoverableProcessTest.swift */ = {isa = PBXFileReference; lastKnownFileType = sourcecode.swift; path = RecoverableProcessTest.swift; sourceTree = "<group>"; };
		BD14BC1F2051E5CF0052AAA2 /* exit.sh */ = {isa = PBXFileReference; fileEncoding = 4; lastKnownFileType = text.script.sh; path = exit.sh; sourceTree = "<group>"; };
		BD14BC212051EEB00052AAA2 /* project-with-build-errors */ = {isa = PBXFileReference; lastKnownFileType = folder; path = "project-with-build-errors"; sourceTree = "<group>"; };
		BD14BC222051EEB00052AAA2 /* project-with-unit-tests */ = {isa = PBXFileReference; lastKnownFileType = folder; path = "project-with-unit-tests"; sourceTree = "<group>"; };
		BD182C0F2026878A00E98E02 /* Acknowledgements.rtf */ = {isa = PBXFileReference; lastKnownFileType = text.rtf; name = Acknowledgements.rtf; path = Classes/Acknowledgements.rtf; sourceTree = "<group>"; };
		BD189BC71FF9FD3000BBEBA4 /* MetadataPlistEncodedTest.swift */ = {isa = PBXFileReference; lastKnownFileType = sourcecode.swift; path = MetadataPlistEncodedTest.swift; sourceTree = "<group>"; };
		BD189BCA1FF9FD5900BBEBA4 /* DistributionSummary.plist */ = {isa = PBXFileReference; fileEncoding = 4; lastKnownFileType = text.plist.xml; path = DistributionSummary.plist; sourceTree = "<group>"; };
		BD1D17FE1F44BC670015C13C /* ProcessManager.swift */ = {isa = PBXFileReference; lastKnownFileType = sourcecode.swift; path = ProcessManager.swift; sourceTree = "<group>"; };
		BD1D18001F44BE520015C13C /* ProcessManagerTest.swift */ = {isa = PBXFileReference; lastKnownFileType = sourcecode.swift; path = ProcessManagerTest.swift; sourceTree = "<group>"; };
		BD1F0CDA2050CB2F004913B3 /* InfoWithUnsupportedDocumentLocationData.plist */ = {isa = PBXFileReference; fileEncoding = 4; lastKnownFileType = text.plist.xml; path = InfoWithUnsupportedDocumentLocationData.plist; sourceTree = "<group>"; };
		BD20C299204D14CF00805F37 /* en */ = {isa = PBXFileReference; lastKnownFileType = text.plist.stringsdict; name = en; path = Localizable.stringsdict; sourceTree = "<group>"; };
		BD243A851C42AB570015A13A /* Main.storyboard */ = {isa = PBXFileReference; fileEncoding = 4; lastKnownFileType = file.storyboard; name = Main.storyboard; path = ../Main.storyboard; sourceTree = "<group>"; };
		BD243A891C42BE2A0015A13A /* NSStoryboard+WindmillStoryboard.swift */ = {isa = PBXFileReference; fileEncoding = 4; lastKnownFileType = sourcecode.swift; path = "NSStoryboard+WindmillStoryboard.swift"; sourceTree = "<group>"; };
		BD24DBF5205248E20080A09F /* Xcode.swift */ = {isa = PBXFileReference; fileEncoding = 4; lastKnownFileType = sourcecode.swift; path = Xcode.swift; sourceTree = "<group>"; };
		BD25DB761C9EC5290001FEDF /* windmill.xcconfig */ = {isa = PBXFileReference; fileEncoding = 4; lastKnownFileType = text.xcconfig; path = windmill.xcconfig; sourceTree = "<group>"; };
		BD25DB781C9ED2700001FEDF /* MainViewController.swift */ = {isa = PBXFileReference; fileEncoding = 4; lastKnownFileType = sourcecode.swift; path = MainViewController.swift; sourceTree = "<group>"; };
		BD2CEE52203117EC0048969D /* AppBundle.swift */ = {isa = PBXFileReference; lastKnownFileType = sourcecode.swift; path = AppBundle.swift; sourceTree = "<group>"; };
		BD2CEE5420316DB10048969D /* BuildSettings.swift */ = {isa = PBXFileReference; lastKnownFileType = sourcecode.swift; path = BuildSettings.swift; sourceTree = "<group>"; };
		BD2CEE56203175900048969D /* Devices.swift */ = {isa = PBXFileReference; lastKnownFileType = sourcecode.swift; path = Devices.swift; sourceTree = "<group>"; };
		BD30160019BB0F79001134F8 /* AppDelegate.swift */ = {isa = PBXFileReference; fileEncoding = 4; lastKnownFileType = sourcecode.swift; path = AppDelegate.swift; sourceTree = "<group>"; };
		BD30160219BB0F79001134F8 /* Keychain.swift */ = {isa = PBXFileReference; fileEncoding = 4; lastKnownFileType = sourcecode.swift; path = Keychain.swift; sourceTree = "<group>"; };
		BD30160919BCBCFD001134F8 /* Process+Windmill.swift */ = {isa = PBXFileReference; fileEncoding = 4; lastKnownFileType = sourcecode.swift; path = "Process+Windmill.swift"; sourceTree = "<group>"; };
		BD30160B19BCBE30001134F8 /* NSPasteboard.swift */ = {isa = PBXFileReference; fileEncoding = 4; lastKnownFileType = sourcecode.swift; path = NSPasteboard.swift; sourceTree = "<group>"; };
		BD36CA4E205A40A2000B0A2B /* TestReportView.xib */ = {isa = PBXFileReference; fileEncoding = 4; lastKnownFileType = file.xib; path = TestReportView.xib; sourceTree = "<group>"; };
		BD36CA50205A410C000B0A2B /* TestReportView.swift */ = {isa = PBXFileReference; lastKnownFileType = sourcecode.swift; path = TestReportView.swift; sourceTree = "<group>"; };
		BD36CAAA205B40F0000B0A2B /* TestFailureSummaries.storyboard */ = {isa = PBXFileReference; lastKnownFileType = file.storyboard; path = TestFailureSummaries.storyboard; sourceTree = "<group>"; };
		BD36CAAC205B411E000B0A2B /* TestFailureSummariesWindowController.swift */ = {isa = PBXFileReference; lastKnownFileType = sourcecode.swift; path = TestFailureSummariesWindowController.swift; sourceTree = "<group>"; };
		BD36CAAE205B4180000B0A2B /* TestFailureSummariesViewController.swift */ = {isa = PBXFileReference; lastKnownFileType = sourcecode.swift; path = TestFailureSummariesViewController.swift; sourceTree = "<group>"; };
		BD4762051F16496F00F5188C /* Project+ObjectiveGit.swift */ = {isa = PBXFileReference; lastKnownFileType = sourcecode.swift; path = "Project+ObjectiveGit.swift"; sourceTree = "<group>"; };
		BD49F78D204B64C700F64687 /* ErrorSummaries.storyboard */ = {isa = PBXFileReference; lastKnownFileType = file.storyboard; path = ErrorSummaries.storyboard; sourceTree = "<group>"; };
		BD49F78F204B730600F64687 /* ErrorSummariesViewController.swift */ = {isa = PBXFileReference; lastKnownFileType = sourcecode.swift; path = ErrorSummariesViewController.swift; sourceTree = "<group>"; };
		BD49F791204B766B00F64687 /* ErrorSummariesWindowController.swift */ = {isa = PBXFileReference; lastKnownFileType = sourcecode.swift; path = ErrorSummariesWindowController.swift; sourceTree = "<group>"; };
		BD49F793204B9DCA00F64687 /* SummaryViewController.swift */ = {isa = PBXFileReference; lastKnownFileType = sourcecode.swift; path = SummaryViewController.swift; sourceTree = "<group>"; };
		BD49FAAB20290C4500E12CB4 /* Sequence.swift */ = {isa = PBXFileReference; lastKnownFileType = sourcecode.swift; path = Sequence.swift; sourceTree = "<group>"; };
		BD4D04AB2053D02E00C5D8CE /* ProjectTitlebarAccessoryViewController.swift */ = {isa = PBXFileReference; lastKnownFileType = sourcecode.swift; path = ProjectTitlebarAccessoryViewController.swift; sourceTree = "<group>"; };
		BD4D04AD2053D0FB00C5D8CE /* ProjectTitlebarAccessoryViewController.xib */ = {isa = PBXFileReference; lastKnownFileType = file.xib; path = ProjectTitlebarAccessoryViewController.xib; sourceTree = "<group>"; };
		BD4D24311F52E1160047AF02 /* SidePanelSplitViewController.swift */ = {isa = PBXFileReference; lastKnownFileType = sourcecode.swift; path = SidePanelSplitViewController.swift; sourceTree = "<group>"; };
		BD6635871FF9DC1500951779 /* MetadataJSONEncoded.swift */ = {isa = PBXFileReference; lastKnownFileType = sourcecode.swift; path = MetadataJSONEncoded.swift; sourceTree = "<group>"; };
		BD680549202C120200F38D3B /* SequenceTest.swift */ = {isa = PBXFileReference; lastKnownFileType = sourcecode.swift; path = SequenceTest.swift; sourceTree = "<group>"; };
		BD68057E202C144B00F38D3B /* helloword-no-test-target */ = {isa = PBXFileReference; lastKnownFileType = folder; path = "helloword-no-test-target"; sourceTree = "<group>"; };
		BD680581202C15C000F38D3B /* metadata */ = {isa = PBXFileReference; lastKnownFileType = folder; path = metadata; sourceTree = "<group>"; };
		BD680585202C1AC700F38D3B /* helloworld */ = {isa = PBXFileReference; lastKnownFileType = folder; path = helloworld; sourceTree = "<group>"; };
		BD680587202C222200F38D3B /* no_simulator_available */ = {isa = PBXFileReference; lastKnownFileType = folder; path = no_simulator_available; sourceTree = "<group>"; };
		BD74665B2044DE3E009262DD /* InfoWithOneErrorCount.plist */ = {isa = PBXFileReference; fileEncoding = 4; lastKnownFileType = text.plist.xml; path = InfoWithOneErrorCount.plist; sourceTree = "<group>"; };
		BD74665D2044E2DC009262DD /* TextDocumentLocation.swift */ = {isa = PBXFileReference; lastKnownFileType = sourcecode.swift; path = TextDocumentLocation.swift; sourceTree = "<group>"; };
		BD79D70E1AB210CD00596928 /* NSFileManager+Windmill.swift */ = {isa = PBXFileReference; fileEncoding = 4; lastKnownFileType = sourcecode.swift; path = "NSFileManager+Windmill.swift"; sourceTree = "<group>"; };
		BD7A7BA3201DB800002AFCC5 /* LinkLabel.swift */ = {isa = PBXFileReference; lastKnownFileType = sourcecode.swift; path = LinkLabel.swift; sourceTree = "<group>"; };
		BD7DDBFB204A5A57003541E8 /* InfoWithManyErrorCount.plist */ = {isa = PBXFileReference; fileEncoding = 4; lastKnownFileType = text.plist.xml; path = InfoWithManyErrorCount.plist; sourceTree = "<group>"; };
		BD83640620392AC200D1D381 /* CharacterSet+Windmill.swift */ = {isa = PBXFileReference; lastKnownFileType = sourcecode.swift; path = "CharacterSet+Windmill.swift"; sourceTree = "<group>"; };
		BD8364082039314200D1D381 /* CharacterSetTest.swift */ = {isa = PBXFileReference; lastKnownFileType = sourcecode.swift; path = CharacterSetTest.swift; sourceTree = "<group>"; };
		BD8FBE10204C96F20004C064 /* HelloWindmill.xcarchive */ = {isa = PBXFileReference; lastKnownFileType = wrapper; path = HelloWindmill.xcarchive; sourceTree = "<group>"; };
		BD8FBE12204C98870004C064 /* ProcessMonitorFailOnUnsuccessfulExit.swift */ = {isa = PBXFileReference; lastKnownFileType = sourcecode.swift; path = ProcessMonitorFailOnUnsuccessfulExit.swift; sourceTree = "<group>"; };
		BD915E6F202036B8006551A5 /* GettingStartedWindowController.swift */ = {isa = PBXFileReference; lastKnownFileType = sourcecode.swift; path = GettingStartedWindowController.swift; sourceTree = "<group>"; };
		BD915E70202036B8006551A5 /* GettingStartedWindowController.xib */ = {isa = PBXFileReference; lastKnownFileType = file.xib; path = GettingStartedWindowController.xib; sourceTree = "<group>"; };
		BD915E7320207139006551A5 /* getting-started.mp4 */ = {isa = PBXFileReference; lastKnownFileType = file; path = "getting-started.mp4"; sourceTree = "<group>"; };
		BD91A70C1F41E758004CA64B /* ArchiveView.swift */ = {isa = PBXFileReference; lastKnownFileType = sourcecode.swift; path = ArchiveView.swift; sourceTree = "<group>"; };
		BD91A70F1F41E78D004CA64B /* ActivityView.xib */ = {isa = PBXFileReference; lastKnownFileType = file.xib; path = ActivityView.xib; sourceTree = "<group>"; };
		BD91A7101F41E791004CA64B /* ArchiveView.xib */ = {isa = PBXFileReference; lastKnownFileType = file.xib; path = ArchiveView.xib; sourceTree = "<group>"; };
		BD91A7131F420665004CA64B /* NSView+Windmill.swift */ = {isa = PBXFileReference; lastKnownFileType = sourcecode.swift; path = "NSView+Windmill.swift"; sourceTree = "<group>"; };
		BD91A7161F42E9B8004CA64B /* Process+Windmill.swift */ = {isa = PBXFileReference; lastKnownFileType = sourcecode.swift; path = "Process+Windmill.swift"; sourceTree = "<group>"; };
		BD91EB5B19491C40002D8C1C /* Scripts */ = {isa = PBXFileReference; lastKnownFileType = folder; path = Scripts; sourceTree = "<group>"; };
		BD947844205395DA00878731 /* AppView.xib */ = {isa = PBXFileReference; lastKnownFileType = file.xib; path = AppView.xib; sourceTree = "<group>"; };
		BD947846205395FD00878731 /* AppView.swift */ = {isa = PBXFileReference; lastKnownFileType = sourcecode.swift; path = AppView.swift; sourceTree = "<group>"; };
		BDAA0582205FAF0B00B295AF /* Empty.txt */ = {isa = PBXFileReference; fileEncoding = 4; lastKnownFileType = text; path = Empty.txt; sourceTree = "<group>"; };
		BDB6D53B19440392001340B4 /* windmill.app */ = {isa = PBXFileReference; explicitFileType = wrapper.application; includeInIndex = 0; name = windmill.app; path = Windmill.app; sourceTree = BUILT_PRODUCTS_DIR; };
		BDB6D53F19440392001340B4 /* Info.plist */ = {isa = PBXFileReference; lastKnownFileType = text.plist.xml; path = Info.plist; sourceTree = "<group>"; };
		BDB6D54419440392001340B4 /* Images.xcassets */ = {isa = PBXFileReference; lastKnownFileType = folder.assetcatalog; path = Images.xcassets; sourceTree = "<group>"; };
		BDB6D54D19440392001340B4 /* windmillTests.xctest */ = {isa = PBXFileReference; explicitFileType = wrapper.cfbundle; includeInIndex = 0; path = windmillTests.xctest; sourceTree = BUILT_PRODUCTS_DIR; };
		BDB6D55219440392001340B4 /* Info.plist */ = {isa = PBXFileReference; lastKnownFileType = text.plist.xml; path = Info.plist; sourceTree = "<group>"; };
		BDB961072049F00500E49258 /* UserMessageView.xib */ = {isa = PBXFileReference; lastKnownFileType = file.xib; path = UserMessageView.xib; sourceTree = "<group>"; };
		BDB961092049F06800E49258 /* UserMessageView.swift */ = {isa = PBXFileReference; lastKnownFileType = sourcecode.swift; path = UserMessageView.swift; sourceTree = "<group>"; };
		BDB96137204A500100E49258 /* ResultBundle.swift */ = {isa = PBXFileReference; lastKnownFileType = sourcecode.swift; path = ResultBundle.swift; sourceTree = "<group>"; };
		BDB96139204A56DC00E49258 /* ResultBundleTest.swift */ = {isa = PBXFileReference; lastKnownFileType = sourcecode.swift; path = ResultBundleTest.swift; sourceTree = "<group>"; };
		BDB9613C204A581D00E49258 /* InfoWithZeroErrorCount.plist */ = {isa = PBXFileReference; fileEncoding = 4; lastKnownFileType = text.plist.xml; path = InfoWithZeroErrorCount.plist; sourceTree = "<group>"; };
		BDBD52081CD5ED4B0023F460 /* CAAnimation+Windmill.swift */ = {isa = PBXFileReference; fileEncoding = 4; lastKnownFileType = sourcecode.swift; path = "CAAnimation+Windmill.swift"; sourceTree = "<group>"; };
		BDBD520C1CD6053B0023F460 /* ActivityView.swift */ = {isa = PBXFileReference; fileEncoding = 4; lastKnownFileType = sourcecode.swift; path = ActivityView.swift; sourceTree = "<group>"; };
		BDBE325E1F31301200BCE4D9 /* ActivityType.swift */ = {isa = PBXFileReference; lastKnownFileType = sourcecode.swift; path = ActivityType.swift; sourceTree = "<group>"; };
		BDC1E93219BCCC90009A3E42 /* WindmillKeychain.swift */ = {isa = PBXFileReference; fileEncoding = 4; lastKnownFileType = sourcecode.swift; path = WindmillKeychain.swift; sourceTree = "<group>"; };
		BDC9D4951C43164C00FA018E /* MainWindowController.swift */ = {isa = PBXFileReference; fileEncoding = 4; lastKnownFileType = sourcecode.swift; path = MainWindowController.swift; sourceTree = "<group>"; };
		BDCB38281F06B9BA000825C1 /* WindmillTest.swift */ = {isa = PBXFileReference; lastKnownFileType = sourcecode.swift; path = WindmillTest.swift; sourceTree = "<group>"; };
		BDCB382A1F06B9FB000825C1 /* ConsoleViewControllerTest.swift */ = {isa = PBXFileReference; lastKnownFileType = sourcecode.swift; path = ConsoleViewControllerTest.swift; sourceTree = "<group>"; };
		BDCEFE481CD6B58D004D2890 /* Windmill.swift */ = {isa = PBXFileReference; fileEncoding = 4; lastKnownFileType = sourcecode.swift; path = Windmill.swift; sourceTree = "<group>"; };
		BDD002001AB2F24F00F8E34A /* Directory.swift */ = {isa = PBXFileReference; fileEncoding = 4; lastKnownFileType = sourcecode.swift; path = Directory.swift; sourceTree = "<group>"; };
		BDD002021AB2F26400F8E34A /* PathComponent.swift */ = {isa = PBXFileReference; fileEncoding = 4; lastKnownFileType = sourcecode.swift; path = PathComponent.swift; sourceTree = "<group>"; };
		BDD002041AB3060B00F8E34A /* Windmill.swift */ = {isa = PBXFileReference; fileEncoding = 4; lastKnownFileType = sourcecode.swift; path = Windmill.swift; sourceTree = "<group>"; };
		BDD002061AB3244600F8E34A /* Operators.swift */ = {isa = PBXFileReference; fileEncoding = 4; lastKnownFileType = sourcecode.swift; path = Operators.swift; sourceTree = "<group>"; };
		BDD002081AB6D61900F8E34A /* NSFileManagerTest.swift */ = {isa = PBXFileReference; fileEncoding = 4; lastKnownFileType = sourcecode.swift; path = NSFileManagerTest.swift; sourceTree = "<group>"; };
		BDD002111AB870FF00F8E34A /* Array+WindmillArray.swift */ = {isa = PBXFileReference; fileEncoding = 4; lastKnownFileType = sourcecode.swift; path = "Array+WindmillArray.swift"; sourceTree = "<group>"; };
		BDD002131AB87B5B00F8E34A /* NSError+WindmillError.swift */ = {isa = PBXFileReference; fileEncoding = 4; lastKnownFileType = sourcecode.swift; path = "NSError+WindmillError.swift"; sourceTree = "<group>"; };
		BDD002151AB87B7900F8E34A /* WindmillDelegate.swift */ = {isa = PBXFileReference; fileEncoding = 4; lastKnownFileType = sourcecode.swift; path = WindmillDelegate.swift; sourceTree = "<group>"; };
		BDD002171AB8807A00F8E34A /* Projects.swift */ = {isa = PBXFileReference; fileEncoding = 4; lastKnownFileType = sourcecode.swift; path = Projects.swift; sourceTree = "<group>"; };
		BDD002191AB8B5AD00F8E34A /* Alerts.swift */ = {isa = PBXFileReference; fileEncoding = 4; lastKnownFileType = sourcecode.swift; path = Alerts.swift; sourceTree = "<group>"; };
		BDD002201ABA3ECD00F8E34A /* Scripts.swift */ = {isa = PBXFileReference; fileEncoding = 4; lastKnownFileType = sourcecode.swift; name = Scripts.swift; path = Classes/Scripts.swift; sourceTree = "<group>"; };
		BDD002241ABB21B900F8E34A /* NSColor+WindmillColor.swift */ = {isa = PBXFileReference; fileEncoding = 4; lastKnownFileType = sourcecode.swift; path = "NSColor+WindmillColor.swift"; sourceTree = "<group>"; };
		BDD5209A1FEA364300104FC3 /* Configuration.swift */ = {isa = PBXFileReference; lastKnownFileType = sourcecode.swift; path = Configuration.swift; sourceTree = "<group>"; };
		BDD6F0A420182AF200D63D74 /* ArtefactView.xib */ = {isa = PBXFileReference; lastKnownFileType = file.xib; path = ArtefactView.xib; sourceTree = "<group>"; };
		BDD6F0A620182B0F00D63D74 /* ArtefactView.swift */ = {isa = PBXFileReference; lastKnownFileType = sourcecode.swift; path = ArtefactView.swift; sourceTree = "<group>"; };
		BDD6F0A820185C8900D63D74 /* ExportView.xib */ = {isa = PBXFileReference; fileEncoding = 4; lastKnownFileType = file.xib; path = ExportView.xib; sourceTree = "<group>"; };
		BDD6F0AA20185D2A00D63D74 /* ExportView.swift */ = {isa = PBXFileReference; lastKnownFileType = sourcecode.swift; path = ExportView.swift; sourceTree = "<group>"; };
		BDD6F0AC20186EBB00D63D74 /* ArtefactsViewController.swift */ = {isa = PBXFileReference; lastKnownFileType = sourcecode.swift; path = ArtefactsViewController.swift; sourceTree = "<group>"; };
		BDD6F0AE20187C2500D63D74 /* Export.swift */ = {isa = PBXFileReference; lastKnownFileType = sourcecode.swift; path = Export.swift; sourceTree = "<group>"; };
		BDD6F0B02018B57500D63D74 /* DeployView.xib */ = {isa = PBXFileReference; lastKnownFileType = file.xib; path = DeployView.xib; sourceTree = "<group>"; };
		BDD6F0B22018B5C100D63D74 /* DeployView.swift */ = {isa = PBXFileReference; lastKnownFileType = sourcecode.swift; path = DeployView.swift; sourceTree = "<group>"; };
		BDDF108A205B59680093E811 /* SummariesViewController.swift */ = {isa = PBXFileReference; lastKnownFileType = sourcecode.swift; path = SummariesViewController.swift; sourceTree = "<group>"; };
		BDDF108E205B6D0D0093E811 /* TextDocumentLocation+Windmill.swift */ = {isa = PBXFileReference; lastKnownFileType = sourcecode.swift; path = "TextDocumentLocation+Windmill.swift"; sourceTree = "<group>"; };
		BDDF1090205BDEAD0093E811 /* TestReport.swift */ = {isa = PBXFileReference; lastKnownFileType = sourcecode.swift; path = TestReport.swift; sourceTree = "<group>"; };
		BDDF10BF205FA7020093E811 /* LineEnumerator.swift */ = {isa = PBXFileReference; lastKnownFileType = sourcecode.swift; path = LineEnumerator.swift; sourceTree = "<group>"; };
		BDDF10C1205FA73C0093E811 /* TextViewRuler.swift */ = {isa = PBXFileReference; lastKnownFileType = sourcecode.swift; path = TextViewRuler.swift; sourceTree = "<group>"; };
		BDDF10C3205FA7800093E811 /* NSTextView+LineEnumerator.swift */ = {isa = PBXFileReference; lastKnownFileType = sourcecode.swift; path = "NSTextView+LineEnumerator.swift"; sourceTree = "<group>"; };
		BDDF10C5205FAD390093E811 /* StringTest.swift */ = {isa = PBXFileReference; lastKnownFileType = sourcecode.swift; path = StringTest.swift; sourceTree = "<group>"; };
		BDDF10C9205FAD8A0093E811 /* 25Lines.txt */ = {isa = PBXFileReference; fileEncoding = 4; lastKnownFileType = text; path = 25Lines.txt; sourceTree = "<group>"; };
		BDEBAD6F200D8DFE00A7BBD0 /* BottomPanelSplitViewController.swift */ = {isa = PBXFileReference; lastKnownFileType = sourcecode.swift; path = BottomPanelSplitViewController.swift; sourceTree = "<group>"; };
		BDEBAD71200D8FE300A7BBD0 /* ConsoleViewController.swift */ = {isa = PBXFileReference; lastKnownFileType = sourcecode.swift; path = ConsoleViewController.swift; sourceTree = "<group>"; };
		BDF00B631F47582300572D03 /* Archive.swift */ = {isa = PBXFileReference; lastKnownFileType = sourcecode.swift; path = Archive.swift; sourceTree = "<group>"; };
		BDF00B651F475A5C00572D03 /* ArchiveTest.swift */ = {isa = PBXFileReference; lastKnownFileType = sourcecode.swift; path = ArchiveTest.swift; sourceTree = "<group>"; };
		BDF00B681F475AC400572D03 /* Info.plist */ = {isa = PBXFileReference; lastKnownFileType = text.plist.xml; path = Info.plist; sourceTree = "<group>"; };
		BDF6B75B199A428C008B09D9 /* resources */ = {isa = PBXFileReference; lastKnownFileType = folder; path = resources; sourceTree = "<group>"; };
		BDFF4EA61F3B3DA2004C1B1E /* ProcessTest.swift */ = {isa = PBXFileReference; lastKnownFileType = sourcecode.swift; path = ProcessTest.swift; sourceTree = "<group>"; };
/* End PBXFileReference section */

/* Begin PBXFrameworksBuildPhase section */
		BDB6D53819440392001340B4 /* Frameworks */ = {
			isa = PBXFrameworksBuildPhase;
			buildActionMask = 2147483647;
			files = (
				BDD66B0F1DBCC192002EC340 /* ObjectiveGit.framework in Frameworks */,
			);
			runOnlyForDeploymentPostprocessing = 0;
		};
		BDB6D54A19440392001340B4 /* Frameworks */ = {
			isa = PBXFrameworksBuildPhase;
			buildActionMask = 2147483647;
			files = (
				BD1B0D182044EC1000E513B5 /* ObjectiveGit.framework in Frameworks */,
			);
			runOnlyForDeploymentPostprocessing = 0;
		};
/* End PBXFrameworksBuildPhase section */

/* Begin PBXGroup section */
		BD081A181AB09AB000B8E948 /* Frameworks */ = {
			isa = PBXGroup;
			children = (
				BD0C8EA31DBCC1680092C886 /* ObjectiveGit.framework */,
			);
			name = Frameworks;
			sourceTree = "<group>";
		};
		BD081A231AB0AD1700B8E948 /* en.lproj */ = {
			isa = PBXGroup;
			children = (
				BD081A271AB0ADEF00B8E948 /* Localizable.strings */,
				BD20C298204D14CF00805F37 /* Localizable.stringsdict */,
			);
			name = en.lproj;
			path = resources/en.lproj;
			sourceTree = "<group>";
		};
		BD081A5C1AB1A50900B8E948 /* ProjectsOutlineView */ = {
			isa = PBXGroup;
			children = (
			);
			name = ProjectsOutlineView;
			sourceTree = "<group>";
		};
		BD14BC1E2051E5950052AAA2 /* ProcessManagerTest */ = {
			isa = PBXGroup;
			children = (
				BD14BC1F2051E5CF0052AAA2 /* exit.sh */,
			);
			path = ProcessManagerTest;
			sourceTree = "<group>";
		};
		BD189BC91FF9FD4900BBEBA4 /* MetadataPlistEncodedTest */ = {
			isa = PBXGroup;
			children = (
				BD189BCA1FF9FD5900BBEBA4 /* DistributionSummary.plist */,
			);
			path = MetadataPlistEncodedTest;
			sourceTree = "<group>";
		};
		BD1D17FD1F44BC560015C13C /* ProcessManager */ = {
			isa = PBXGroup;
			children = (
				BD1D17FE1F44BC670015C13C /* ProcessManager.swift */,
				BD49FAAB20290C4500E12CB4 /* Sequence.swift */,
			);
			path = ProcessManager;
			sourceTree = "<group>";
		};
		BD3015FF19BB0F79001134F8 /* Classes */ = {
			isa = PBXGroup;
			children = (
				BDDF1090205BDEAD0093E811 /* TestReport.swift */,
				BD4D04AB2053D02E00C5D8CE /* ProjectTitlebarAccessoryViewController.swift */,
				BD4D04AD2053D0FB00C5D8CE /* ProjectTitlebarAccessoryViewController.xib */,
				BD947844205395DA00878731 /* AppView.xib */,
				BD947846205395FD00878731 /* AppView.swift */,
				BDBD520C1CD6053B0023F460 /* ActivityView.swift */,
				BD91A70F1F41E78D004CA64B /* ActivityView.xib */,
				BD30160019BB0F79001134F8 /* AppDelegate.swift */,
				BD30160919BCBCFD001134F8 /* Process+Windmill.swift */,
				BDC1E93219BCCC90009A3E42 /* WindmillKeychain.swift */,
				BD081A111AB05EFA00B8E948 /* Project.swift */,
				BDD002061AB3244600F8E34A /* Operators.swift */,
				BD243A851C42AB570015A13A /* Main.storyboard */,
				BDC9D4951C43164C00FA018E /* MainWindowController.swift */,
				BD25DB781C9ED2700001FEDF /* MainViewController.swift */,
				BDCEFE481CD6B58D004D2890 /* Windmill.swift */,
				BD4762051F16496F00F5188C /* Project+ObjectiveGit.swift */,
				BD91A7101F41E791004CA64B /* ArchiveView.xib */,
				BD91A70C1F41E758004CA64B /* ArchiveView.swift */,
				BDD6F0A820185C8900D63D74 /* ExportView.xib */,
				BDD6F0AA20185D2A00D63D74 /* ExportView.swift */,
				BDF00B631F47582300572D03 /* Archive.swift */,
				BD12E11E1F521A19001B4A80 /* SidePanelViewController.swift */,
				BD4D24311F52E1160047AF02 /* SidePanelSplitViewController.swift */,
				BDEBAD6F200D8DFE00A7BBD0 /* BottomPanelSplitViewController.swift */,
				BDEBAD71200D8FE300A7BBD0 /* ConsoleViewController.swift */,
				BDD6F0A420182AF200D63D74 /* ArtefactView.xib */,
				BDD6F0A620182B0F00D63D74 /* ArtefactView.swift */,
				BDD6F0AC20186EBB00D63D74 /* ArtefactsViewController.swift */,
				BDD6F0AE20187C2500D63D74 /* Export.swift */,
				BDD6F0B02018B57500D63D74 /* DeployView.xib */,
				BDD6F0B22018B5C100D63D74 /* DeployView.swift */,
				BD915E6F202036B8006551A5 /* GettingStartedWindowController.swift */,
				BD915E70202036B8006551A5 /* GettingStartedWindowController.xib */,
				BD2CEE52203117EC0048969D /* AppBundle.swift */,
				BDB96137204A500100E49258 /* ResultBundle.swift */,
				BDB961072049F00500E49258 /* UserMessageView.xib */,
				BDB961092049F06800E49258 /* UserMessageView.swift */,
				BD36CA4E205A40A2000B0A2B /* TestReportView.xib */,
				BD36CA50205A410C000B0A2B /* TestReportView.swift */,
			);
			path = Classes;
			sourceTree = "<group>";
		};
		BD49F78C204B64A300F64687 /* Summaries */ = {
			isa = PBXGroup;
			children = (
				BD49F793204B9DCA00F64687 /* SummaryViewController.swift */,
				BDDF108A205B59680093E811 /* SummariesViewController.swift */,
				BD49F78D204B64C700F64687 /* ErrorSummaries.storyboard */,
				BD49F78F204B730600F64687 /* ErrorSummariesViewController.swift */,
				BD49F791204B766B00F64687 /* ErrorSummariesWindowController.swift */,
				BD36CAAA205B40F0000B0A2B /* TestFailureSummaries.storyboard */,
				BD36CAAC205B411E000B0A2B /* TestFailureSummariesWindowController.swift */,
				BD36CAAE205B4180000B0A2B /* TestFailureSummariesViewController.swift */,
				BDDF108E205B6D0D0093E811 /* TextDocumentLocation+Windmill.swift */,
			);
			path = Summaries;
			sourceTree = "<group>";
		};
		BD68054B202C127300F38D3B /* Resources */ = {
			isa = PBXGroup;
			children = (
				BD680581202C15C000F38D3B /* metadata */,
				BD68054C202C127300F38D3B /* projects */,
				BD68055B202C127300F38D3B /* repositories */,
			);
			path = Resources;
			sourceTree = "<group>";
		};
		BD68054C202C127300F38D3B /* projects */ = {
			isa = PBXGroup;
			children = (
				BD14BC212051EEB00052AAA2 /* project-with-build-errors */,
				BD14BC222051EEB00052AAA2 /* project-with-unit-tests */,
				BD680587202C222200F38D3B /* no_simulator_available */,
				BD680585202C1AC700F38D3B /* helloworld */,
				BD68057E202C144B00F38D3B /* helloword-no-test-target */,
			);
			path = projects;
			sourceTree = "<group>";
		};
		BD68055B202C127300F38D3B /* repositories */ = {
			isa = PBXGroup;
			children = (
			);
			path = repositories;
			sourceTree = "<group>";
		};
		BD8FBE0F204C96E30004C064 /* SequenceTest */ = {
			isa = PBXGroup;
			children = (
				BD8FBE10204C96F20004C064 /* HelloWindmill.xcarchive */,
			);
			path = SequenceTest;
			sourceTree = "<group>";
		};
		BD91A7151F42E9AE004CA64B /* Classes */ = {
			isa = PBXGroup;
			children = (
				BD91A7161F42E9B8004CA64B /* Process+Windmill.swift */,
				BD8FBE12204C98870004C064 /* ProcessMonitorFailOnUnsuccessfulExit.swift */,
			);
			path = Classes;
			sourceTree = "<group>";
		};
		BDB6D53219440392001340B4 = {
			isa = PBXGroup;
			children = (
				BD081A181AB09AB000B8E948 /* Frameworks */,
				BDB6D53D19440392001340B4 /* windmill */,
				BDB6D55019440392001340B4 /* windmillTests */,
				BDB6D53C19440392001340B4 /* Products */,
			);
			sourceTree = "<group>";
		};
		BDB6D53C19440392001340B4 /* Products */ = {
			isa = PBXGroup;
			children = (
				BDB6D53B19440392001340B4 /* windmill.app */,
				BDB6D54D19440392001340B4 /* windmillTests.xctest */,
			);
			name = Products;
			sourceTree = "<group>";
		};
		BDB6D53D19440392001340B4 /* windmill */ = {
			isa = PBXGroup;
			children = (
				BDDF10BE205FA6F50093E811 /* RulerView */,
				BD49F78C204B64A300F64687 /* Summaries */,
				BD1D17FD1F44BC560015C13C /* ProcessManager */,
				BDD0021F1ABA3EBB00F8E34A /* scripts */,
				BDD0020C1AB6F36A00F8E34A /* Windmill */,
				BD081A5C1AB1A50900B8E948 /* ProjectsOutlineView */,
				BDC1E93419BCCCAD009A3E42 /* Common */,
				BD3015FF19BB0F79001134F8 /* Classes */,
				BDF6B75B199A428C008B09D9 /* resources */,
				BD91EB5B19491C40002D8C1C /* Scripts */,
				BDB6D54419440392001340B4 /* Images.xcassets */,
				BDB6D53E19440392001340B4 /* Supporting Files */,
			);
			path = windmill;
			sourceTree = "<group>";
		};
		BDB6D53E19440392001340B4 /* Supporting Files */ = {
			isa = PBXGroup;
			children = (
				BD915E7320207139006551A5 /* getting-started.mp4 */,
				BD081A231AB0AD1700B8E948 /* en.lproj */,
				BDB6D53F19440392001340B4 /* Info.plist */,
				BD25DB761C9EC5290001FEDF /* windmill.xcconfig */,
				BD182C0F2026878A00E98E02 /* Acknowledgements.rtf */,
			);
			name = "Supporting Files";
			sourceTree = "<group>";
		};
		BDB6D55019440392001340B4 /* windmillTests */ = {
			isa = PBXGroup;
			children = (
				BDDF10C8205FAD830093E811 /* StringTest */,
				BD14BC1E2051E5950052AAA2 /* ProcessManagerTest */,
				BD8FBE0F204C96E30004C064 /* SequenceTest */,
				BDB9613B204A56E200E49258 /* ResultBundleTest */,
				BD10504B203A88650051F0D5 /* ProcessTest */,
				BD105049203A84AE0051F0D5 /* ConfigurationTest */,
				BD021863203187A50039BCCD /* AppBundleTest */,
				BD68054B202C127300F38D3B /* Resources */,
				BD189BC91FF9FD4900BBEBA4 /* MetadataPlistEncodedTest */,
				BDF00B671F475ABC00572D03 /* ArchiveTest */,
				BD91A7151F42E9AE004CA64B /* Classes */,
				BDB6D55119440392001340B4 /* Supporting Files */,
				BD081A5F1AB1BB6000B8E948 /* ProjectTest.swift */,
				BD14BC1C2051E0C70052AAA2 /* RecoverableProcessTest.swift */,
				BDD002081AB6D61900F8E34A /* NSFileManagerTest.swift */,
				BDCB38281F06B9BA000825C1 /* WindmillTest.swift */,
				BDCB382A1F06B9FB000825C1 /* ConsoleViewControllerTest.swift */,
				BDFF4EA61F3B3DA2004C1B1E /* ProcessTest.swift */,
				BD1D18001F44BE520015C13C /* ProcessManagerTest.swift */,
				BDF00B651F475A5C00572D03 /* ArchiveTest.swift */,
				BD189BC71FF9FD3000BBEBA4 /* MetadataPlistEncodedTest.swift */,
				BD680549202C120200F38D3B /* SequenceTest.swift */,
				BD021861203184470039BCCD /* AppBundleTest.swift */,
				BD8364082039314200D1D381 /* CharacterSetTest.swift */,
				BD105046203A84530051F0D5 /* ConfigurationTest.swift */,
				BDB96139204A56DC00E49258 /* ResultBundleTest.swift */,
				BDDF10C5205FAD390093E811 /* StringTest.swift */,
			);
			path = windmillTests;
			sourceTree = "<group>";
		};
		BDB6D55119440392001340B4 /* Supporting Files */ = {
			isa = PBXGroup;
			children = (
				BDB6D55219440392001340B4 /* Info.plist */,
			);
			name = "Supporting Files";
			sourceTree = "<group>";
		};
		BDB9613B204A56E200E49258 /* ResultBundleTest */ = {
			isa = PBXGroup;
			children = (
				BD1F0CDA2050CB2F004913B3 /* InfoWithUnsupportedDocumentLocationData.plist */,
				BDB9613C204A581D00E49258 /* InfoWithZeroErrorCount.plist */,
				BD74665B2044DE3E009262DD /* InfoWithOneErrorCount.plist */,
				BD7DDBFB204A5A57003541E8 /* InfoWithManyErrorCount.plist */,
			);
			path = ResultBundleTest;
			sourceTree = "<group>";
		};
		BDC1E93419BCCCAD009A3E42 /* Common */ = {
			isa = PBXGroup;
			children = (
				BD24DBF5205248E20080A09F /* Xcode.swift */,
				BD30160219BB0F79001134F8 /* Keychain.swift */,
				BD30160B19BCBE30001134F8 /* NSPasteboard.swift */,
				BD79D70E1AB210CD00596928 /* NSFileManager+Windmill.swift */,
				BDD002001AB2F24F00F8E34A /* Directory.swift */,
				BDD002021AB2F26400F8E34A /* PathComponent.swift */,
				BDD002111AB870FF00F8E34A /* Array+WindmillArray.swift */,
				BDD002191AB8B5AD00F8E34A /* Alerts.swift */,
				BDD002241ABB21B900F8E34A /* NSColor+WindmillColor.swift */,
				BD243A891C42BE2A0015A13A /* NSStoryboard+WindmillStoryboard.swift */,
				BDBD52081CD5ED4B0023F460 /* CAAnimation+Windmill.swift */,
				BDBE325E1F31301200BCE4D9 /* ActivityType.swift */,
				BD91A7131F420665004CA64B /* NSView+Windmill.swift */,
				BDD5209A1FEA364300104FC3 /* Configuration.swift */,
				BD6635871FF9DC1500951779 /* MetadataJSONEncoded.swift */,
				BD7A7BA3201DB800002AFCC5 /* LinkLabel.swift */,
				BD2CEE5420316DB10048969D /* BuildSettings.swift */,
				BD2CEE56203175900048969D /* Devices.swift */,
				BD83640620392AC200D1D381 /* CharacterSet+Windmill.swift */,
				BD105018203A32680051F0D5 /* Directory+Windmill.swift */,
				BD74665D2044E2DC009262DD /* TextDocumentLocation.swift */,
			);
			name = Common;
			path = Classes;
			sourceTree = "<group>";
		};
		BDD0020C1AB6F36A00F8E34A /* Windmill */ = {
			isa = PBXGroup;
			children = (
				BDD002041AB3060B00F8E34A /* Windmill.swift */,
				BDD002131AB87B5B00F8E34A /* NSError+WindmillError.swift */,
				BDD002151AB87B7900F8E34A /* WindmillDelegate.swift */,
				BDD002171AB8807A00F8E34A /* Projects.swift */,
			);
			name = Windmill;
			path = Classes;
			sourceTree = "<group>";
		};
		BDD0021F1ABA3EBB00F8E34A /* scripts */ = {
			isa = PBXGroup;
			children = (
				BDD002201ABA3ECD00F8E34A /* Scripts.swift */,
			);
			name = scripts;
			sourceTree = "<group>";
		};
		BDDF10BE205FA6F50093E811 /* RulerView */ = {
			isa = PBXGroup;
			children = (
				BDDF10BF205FA7020093E811 /* LineEnumerator.swift */,
				BDDF10C1205FA73C0093E811 /* TextViewRuler.swift */,
				BDDF10C3205FA7800093E811 /* NSTextView+LineEnumerator.swift */,
			);
			path = RulerView;
			sourceTree = "<group>";
		};
		BDDF10C8205FAD830093E811 /* StringTest */ = {
			isa = PBXGroup;
			children = (
				BDAA0582205FAF0B00B295AF /* Empty.txt */,
				BDDF10C9205FAD8A0093E811 /* 25Lines.txt */,
			);
			path = StringTest;
			sourceTree = "<group>";
		};
		BDF00B671F475ABC00572D03 /* ArchiveTest */ = {
			isa = PBXGroup;
			children = (
				BDF00B681F475AC400572D03 /* Info.plist */,
			);
			path = ArchiveTest;
			sourceTree = "<group>";
		};
/* End PBXGroup section */

/* Begin PBXNativeTarget section */
		BDB6D53A19440392001340B4 /* windmill */ = {
			isa = PBXNativeTarget;
			buildConfigurationList = BDB6D55719440392001340B4 /* Build configuration list for PBXNativeTarget "windmill" */;
			buildPhases = (
				BDB6D53719440392001340B4 /* Sources */,
				BDB6D53819440392001340B4 /* Frameworks */,
				BDB6D53919440392001340B4 /* Resources */,
				BDD1E95D1CDA920800976074 /* Embed Frameworks */,
			);
			buildRules = (
			);
			dependencies = (
			);
			name = windmill;
			productName = windmill;
			productReference = BDB6D53B19440392001340B4 /* windmill.app */;
			productType = "com.apple.product-type.application";
		};
		BDB6D54C19440392001340B4 /* windmillTests */ = {
			isa = PBXNativeTarget;
			buildConfigurationList = BDB6D55A19440392001340B4 /* Build configuration list for PBXNativeTarget "windmillTests" */;
			buildPhases = (
				BDB6D54919440392001340B4 /* Sources */,
				BDB6D54A19440392001340B4 /* Frameworks */,
				BDB6D54B19440392001340B4 /* Resources */,
			);
			buildRules = (
			);
			dependencies = (
				BDB6D54F19440392001340B4 /* PBXTargetDependency */,
			);
			name = windmillTests;
			productName = windmillTests;
			productReference = BDB6D54D19440392001340B4 /* windmillTests.xctest */;
			productType = "com.apple.product-type.bundle.unit-test";
		};
/* End PBXNativeTarget section */

/* Begin PBXProject section */
		BDB6D53319440392001340B4 /* Project object */ = {
			isa = PBXProject;
			attributes = {
				LastSwiftMigration = 0730;
				LastSwiftUpdateCheck = 0900;
				LastUpgradeCheck = 0920;
				ORGANIZATIONNAME = qnoid.com;
				TargetAttributes = {
					BDB6D53A19440392001340B4 = {
						CreatedOnToolsVersion = 6.0;
						DevelopmentTeam = AQ2US2UQQ7;
						LastSwiftMigration = 0920;
						ProvisioningStyle = Automatic;
					};
					BDB6D54C19440392001340B4 = {
						CreatedOnToolsVersion = 6.0;
						LastSwiftMigration = 0920;
						ProvisioningStyle = Automatic;
						TestTargetID = BDB6D53A19440392001340B4;
					};
				};
			};
			buildConfigurationList = BDB6D53619440392001340B4 /* Build configuration list for PBXProject "windmill" */;
			compatibilityVersion = "Xcode 3.2";
			developmentRegion = English;
			hasScannedForEncodings = 0;
			knownRegions = (
				en,
				Base,
			);
			mainGroup = BDB6D53219440392001340B4;
			productRefGroup = BDB6D53C19440392001340B4 /* Products */;
			projectDirPath = "";
			projectRoot = "";
			targets = (
				BDB6D53A19440392001340B4 /* windmill */,
				BDB6D54C19440392001340B4 /* windmillTests */,
			);
		};
/* End PBXProject section */

/* Begin PBXResourcesBuildPhase section */
		BDB6D53919440392001340B4 /* Resources */ = {
			isa = PBXResourcesBuildPhase;
			buildActionMask = 2147483647;
			files = (
				BD243A861C42AB570015A13A /* Main.storyboard in Resources */,
				BD91A7111F41EFDE004CA64B /* ActivityView.xib in Resources */,
				BDF6B75C199A428D008B09D9 /* resources in Resources */,
				BDB961082049F00500E49258 /* UserMessageView.xib in Resources */,
				BD91A7121F41F022004CA64B /* ArchiveView.xib in Resources */,
				BD36CA4F205A40A2000B0A2B /* TestReportView.xib in Resources */,
				BD20C29A204D14CF00805F37 /* Localizable.stringsdict in Resources */,
				BD4D04AE2053D0FB00C5D8CE /* ProjectTitlebarAccessoryViewController.xib in Resources */,
				BD36CAAB205B40F0000B0A2B /* TestFailureSummaries.storyboard in Resources */,
				BD915E742020715A006551A5 /* getting-started.mp4 in Resources */,
				BD915E72202036B8006551A5 /* GettingStartedWindowController.xib in Resources */,
				BDD6F0A920185C8900D63D74 /* ExportView.xib in Resources */,
				BD081A291AB0ADEF00B8E948 /* Localizable.strings in Resources */,
				BD182C102026878A00E98E02 /* Acknowledgements.rtf in Resources */,
				BD91EB5C19491C40002D8C1C /* Scripts in Resources */,
				BDD6F0B12018B57500D63D74 /* DeployView.xib in Resources */,
				BD947845205395DA00878731 /* AppView.xib in Resources */,
				BDD6F0A520182AF200D63D74 /* ArtefactView.xib in Resources */,
				BDB6D54519440392001340B4 /* Images.xcassets in Resources */,
				BD49F78E204B64C700F64687 /* ErrorSummaries.storyboard in Resources */,
			);
			runOnlyForDeploymentPostprocessing = 0;
		};
		BDB6D54B19440392001340B4 /* Resources */ = {
			isa = PBXResourcesBuildPhase;
			buildActionMask = 2147483647;
			files = (
				BD14BC232051EEB00052AAA2 /* project-with-build-errors in Resources */,
				BDF00B691F475B5100572D03 /* Info.plist in Resources */,
				BD14BC242051EEB00052AAA2 /* project-with-unit-tests in Resources */,
				BD10504C203A88650051F0D5 /* ProcessTest in Resources */,
				BDAA0581205FAEC600B295AF /* 25Lines.txt in Resources */,
				BD10504A203A84AE0051F0D5 /* ConfigurationTest in Resources */,
				BD021864203187A50039BCCD /* AppBundleTest in Resources */,
				BD680582202C15C000F38D3B /* metadata in Resources */,
				BD680586202C1AC700F38D3B /* helloworld in Resources */,
				BD8FBE11204C96F20004C064 /* HelloWindmill.xcarchive in Resources */,
				BD189BCB1FF9FD5900BBEBA4 /* DistributionSummary.plist in Resources */,
				BD680588202C222300F38D3B /* no_simulator_available in Resources */,
				BDAA0583205FAF0C00B295AF /* Empty.txt in Resources */,
				BD7DDBFC204A5A57003541E8 /* InfoWithManyErrorCount.plist in Resources */,
				BD14BC202051E5CF0052AAA2 /* exit.sh in Resources */,
				BDB9613D204A581D00E49258 /* InfoWithZeroErrorCount.plist in Resources */,
				BD74665C2044DE3E009262DD /* InfoWithOneErrorCount.plist in Resources */,
				BD1F0CDB2050CB2F004913B3 /* InfoWithUnsupportedDocumentLocationData.plist in Resources */,
				BD680580202C147D00F38D3B /* helloword-no-test-target in Resources */,
			);
			runOnlyForDeploymentPostprocessing = 0;
		};
/* End PBXResourcesBuildPhase section */

/* Begin PBXSourcesBuildPhase section */
		BDB6D53719440392001340B4 /* Sources */ = {
			isa = PBXSourcesBuildPhase;
			buildActionMask = 2147483647;
			files = (
				BDBD52091CD5ED4B0023F460 /* CAAnimation+Windmill.swift in Sources */,
				BD91A7141F420665004CA64B /* NSView+Windmill.swift in Sources */,
				BDB9610A2049F06800E49258 /* UserMessageView.swift in Sources */,
				BD915E71202036B8006551A5 /* GettingStartedWindowController.swift in Sources */,
				BDD002211ABA3ECD00F8E34A /* Scripts.swift in Sources */,
				BD79D70F1AB210CD00596928 /* NSFileManager+Windmill.swift in Sources */,
				BD36CAAD205B411E000B0A2B /* TestFailureSummariesWindowController.swift in Sources */,
				BDD002181AB8807A00F8E34A /* Projects.swift in Sources */,
				BDDF108F205B6D0D0093E811 /* TextDocumentLocation+Windmill.swift in Sources */,
				BD74665E2044E2DC009262DD /* TextDocumentLocation.swift in Sources */,
				BDD6F0A720182B0F00D63D74 /* ArtefactView.swift in Sources */,
				BD105019203A32680051F0D5 /* Directory+Windmill.swift in Sources */,
				BDDF10C2205FA73C0093E811 /* TextViewRuler.swift in Sources */,
				BD2CEE57203175900048969D /* Devices.swift in Sources */,
				BD36CAAF205B4180000B0A2B /* TestFailureSummariesViewController.swift in Sources */,
				BD49F790204B730600F64687 /* ErrorSummariesViewController.swift in Sources */,
				BD36CA51205A410C000B0A2B /* TestReportView.swift in Sources */,
				BDD002141AB87B5B00F8E34A /* NSError+WindmillError.swift in Sources */,
				BDCEFE491CD6B58D004D2890 /* Windmill.swift in Sources */,
				BD6635881FF9DC1500951779 /* MetadataJSONEncoded.swift in Sources */,
				BD30160C19BCBE30001134F8 /* NSPasteboard.swift in Sources */,
				BDBD520D1CD6053B0023F460 /* ActivityView.swift in Sources */,
				BD243A8A1C42BE2A0015A13A /* NSStoryboard+WindmillStoryboard.swift in Sources */,
				BD1D17FF1F44BC670015C13C /* ProcessManager.swift in Sources */,
				BDDF10C4205FA7800093E811 /* NSTextView+LineEnumerator.swift in Sources */,
				BDDF108B205B59680093E811 /* SummariesViewController.swift in Sources */,
				BD12E11F1F521A19001B4A80 /* SidePanelViewController.swift in Sources */,
				BDDF10C0205FA7020093E811 /* LineEnumerator.swift in Sources */,
				BDD002071AB3244600F8E34A /* Operators.swift in Sources */,
				BDD002251ABB21B900F8E34A /* NSColor+WindmillColor.swift in Sources */,
				BD4D24321F52E1160047AF02 /* SidePanelSplitViewController.swift in Sources */,
				BD24DBF6205248E20080A09F /* Xcode.swift in Sources */,
				BD4D04AC2053D02E00C5D8CE /* ProjectTitlebarAccessoryViewController.swift in Sources */,
				BDC9D4961C43164C00FA018E /* MainWindowController.swift in Sources */,
				BD49FAAC20290C4500E12CB4 /* Sequence.swift in Sources */,
				BDD6F0AD20186EBB00D63D74 /* ArtefactsViewController.swift in Sources */,
				BDD6F0B32018B5C100D63D74 /* DeployView.swift in Sources */,
				BDEBAD72200D8FE300A7BBD0 /* ConsoleViewController.swift in Sources */,
				BD25DB791C9ED2700001FEDF /* MainViewController.swift in Sources */,
				BDD5209B1FEA364300104FC3 /* Configuration.swift in Sources */,
				BDD6F0AF20187C2500D63D74 /* Export.swift in Sources */,
				BDF00B641F47582300572D03 /* Archive.swift in Sources */,
				BD49F792204B766B00F64687 /* ErrorSummariesWindowController.swift in Sources */,
				BDD0021A1AB8B5AD00F8E34A /* Alerts.swift in Sources */,
				BD49F794204B9DCA00F64687 /* SummaryViewController.swift in Sources */,
				BDD002161AB87B7900F8E34A /* WindmillDelegate.swift in Sources */,
				BD83640720392AC200D1D381 /* CharacterSet+Windmill.swift in Sources */,
				BD91A70D1F41E758004CA64B /* ArchiveView.swift in Sources */,
				BDB96138204A500100E49258 /* ResultBundle.swift in Sources */,
				BDD6F0AB20185D2A00D63D74 /* ExportView.swift in Sources */,
				BDDF1091205BDEAD0093E811 /* TestReport.swift in Sources */,
				BDEBAD70200D8DFE00A7BBD0 /* BottomPanelSplitViewController.swift in Sources */,
				BD081A121AB05EFA00B8E948 /* Project.swift in Sources */,
				BD2CEE53203117EC0048969D /* AppBundle.swift in Sources */,
				BDD002121AB870FF00F8E34A /* Array+WindmillArray.swift in Sources */,
				BD30160319BB0F79001134F8 /* AppDelegate.swift in Sources */,
				BDD002031AB2F26400F8E34A /* PathComponent.swift in Sources */,
				BDC1E93319BCCC90009A3E42 /* WindmillKeychain.swift in Sources */,
				BD30160519BB0F79001134F8 /* Keychain.swift in Sources */,
				BD7A7BA4201DB800002AFCC5 /* LinkLabel.swift in Sources */,
				BD2CEE5520316DB10048969D /* BuildSettings.swift in Sources */,
				BDBE325F1F31301200BCE4D9 /* ActivityType.swift in Sources */,
				BD947847205395FD00878731 /* AppView.swift in Sources */,
				BD30160A19BCBCFD001134F8 /* Process+Windmill.swift in Sources */,
				BD4762061F16496F00F5188C /* Project+ObjectiveGit.swift in Sources */,
				BDD002011AB2F24F00F8E34A /* Directory.swift in Sources */,
			);
			runOnlyForDeploymentPostprocessing = 0;
		};
		BDB6D54919440392001340B4 /* Sources */ = {
			isa = PBXSourcesBuildPhase;
			buildActionMask = 2147483647;
			files = (
				BD14BC1D2051E0C70052AAA2 /* RecoverableProcessTest.swift in Sources */,
				BD021862203184470039BCCD /* AppBundleTest.swift in Sources */,
				BD189BC81FF9FD3000BBEBA4 /* MetadataPlistEncodedTest.swift in Sources */,
				BDD002091AB6D61900F8E34A /* NSFileManagerTest.swift in Sources */,
				BD68054A202C120200F38D3B /* SequenceTest.swift in Sources */,
				BD1D18011F44BE520015C13C /* ProcessManagerTest.swift in Sources */,
				BD91A7171F42E9B8004CA64B /* Process+Windmill.swift in Sources */,
				BD8364092039314200D1D381 /* CharacterSetTest.swift in Sources */,
				BD8FBE13204C98870004C064 /* ProcessMonitorFailOnUnsuccessfulExit.swift in Sources */,
				BDDF10C6205FAD390093E811 /* StringTest.swift in Sources */,
				BDFF4EA71F3B3DA2004C1B1E /* ProcessTest.swift in Sources */,
				BDB9613A204A56DC00E49258 /* ResultBundleTest.swift in Sources */,
				BDCB38291F06B9BA000825C1 /* WindmillTest.swift in Sources */,
				BDCB382B1F06B9FB000825C1 /* ConsoleViewControllerTest.swift in Sources */,
				BDF00B661F475A5C00572D03 /* ArchiveTest.swift in Sources */,
				BD081A601AB1BB6000B8E948 /* ProjectTest.swift in Sources */,
				BD105047203A84530051F0D5 /* ConfigurationTest.swift in Sources */,
			);
			runOnlyForDeploymentPostprocessing = 0;
		};
/* End PBXSourcesBuildPhase section */

/* Begin PBXTargetDependency section */
		BDB6D54F19440392001340B4 /* PBXTargetDependency */ = {
			isa = PBXTargetDependency;
			target = BDB6D53A19440392001340B4 /* windmill */;
			targetProxy = BDB6D54E19440392001340B4 /* PBXContainerItemProxy */;
		};
/* End PBXTargetDependency section */

/* Begin PBXVariantGroup section */
		BD081A271AB0ADEF00B8E948 /* Localizable.strings */ = {
			isa = PBXVariantGroup;
			children = (
				BD081A281AB0ADEF00B8E948 /* en */,
			);
			name = Localizable.strings;
			sourceTree = "<group>";
		};
		BD20C298204D14CF00805F37 /* Localizable.stringsdict */ = {
			isa = PBXVariantGroup;
			children = (
				BD20C299204D14CF00805F37 /* en */,
			);
			name = Localizable.stringsdict;
			sourceTree = "<group>";
		};
/* End PBXVariantGroup section */

/* Begin XCBuildConfiguration section */
		BDB6D55519440392001340B4 /* Debug */ = {
			isa = XCBuildConfiguration;
			buildSettings = {
				ALWAYS_SEARCH_USER_PATHS = NO;
				CLANG_CXX_LANGUAGE_STANDARD = "gnu++0x";
				CLANG_CXX_LIBRARY = "libc++";
				CLANG_ENABLE_MODULES = YES;
				CLANG_ENABLE_OBJC_ARC = YES;
				CLANG_WARN_BLOCK_CAPTURE_AUTORELEASING = YES;
				CLANG_WARN_BOOL_CONVERSION = YES;
				CLANG_WARN_COMMA = YES;
				CLANG_WARN_CONSTANT_CONVERSION = YES;
				CLANG_WARN_DIRECT_OBJC_ISA_USAGE = YES_ERROR;
				CLANG_WARN_EMPTY_BODY = YES;
				CLANG_WARN_ENUM_CONVERSION = YES;
				CLANG_WARN_INFINITE_RECURSION = YES;
				CLANG_WARN_INT_CONVERSION = YES;
				CLANG_WARN_NON_LITERAL_NULL_CONVERSION = YES;
				CLANG_WARN_OBJC_LITERAL_CONVERSION = YES;
				CLANG_WARN_OBJC_ROOT_CLASS = YES_ERROR;
				CLANG_WARN_RANGE_LOOP_ANALYSIS = YES;
				CLANG_WARN_STRICT_PROTOTYPES = YES;
				CLANG_WARN_SUSPICIOUS_MOVE = YES;
				CLANG_WARN_UNREACHABLE_CODE = YES;
				CLANG_WARN__DUPLICATE_METHOD_MATCH = YES;
				COPY_PHASE_STRIP = NO;
				ENABLE_STRICT_OBJC_MSGSEND = YES;
				ENABLE_TESTABILITY = YES;
				GCC_C_LANGUAGE_STANDARD = gnu99;
				GCC_DYNAMIC_NO_PIC = NO;
				GCC_NO_COMMON_BLOCKS = YES;
				GCC_OPTIMIZATION_LEVEL = 0;
				GCC_PREPROCESSOR_DEFINITIONS = (
					"DEBUG=1",
					"$(inherited)",
				);
				GCC_SYMBOLS_PRIVATE_EXTERN = NO;
				GCC_WARN_64_TO_32_BIT_CONVERSION = YES;
				GCC_WARN_ABOUT_RETURN_TYPE = YES_ERROR;
				GCC_WARN_UNDECLARED_SELECTOR = YES;
				GCC_WARN_UNINITIALIZED_AUTOS = YES_AGGRESSIVE;
				GCC_WARN_UNUSED_FUNCTION = YES;
				GCC_WARN_UNUSED_VARIABLE = YES;
				MACOSX_DEPLOYMENT_TARGET = 10.13;
				METAL_ENABLE_DEBUG_INFO = YES;
				ONLY_ACTIVE_ARCH = YES;
				OTHER_SWIFT_FLAGS = "-D DEBUG";
				SDKROOT = macosx;
				SWIFT_OPTIMIZATION_LEVEL = "-Onone";
			};
			name = Debug;
		};
		BDB6D55619440392001340B4 /* Release */ = {
			isa = XCBuildConfiguration;
			buildSettings = {
				ALWAYS_SEARCH_USER_PATHS = NO;
				CLANG_CXX_LANGUAGE_STANDARD = "gnu++0x";
				CLANG_CXX_LIBRARY = "libc++";
				CLANG_ENABLE_MODULES = YES;
				CLANG_ENABLE_OBJC_ARC = YES;
				CLANG_WARN_BLOCK_CAPTURE_AUTORELEASING = YES;
				CLANG_WARN_BOOL_CONVERSION = YES;
				CLANG_WARN_COMMA = YES;
				CLANG_WARN_CONSTANT_CONVERSION = YES;
				CLANG_WARN_DIRECT_OBJC_ISA_USAGE = YES_ERROR;
				CLANG_WARN_EMPTY_BODY = YES;
				CLANG_WARN_ENUM_CONVERSION = YES;
				CLANG_WARN_INFINITE_RECURSION = YES;
				CLANG_WARN_INT_CONVERSION = YES;
				CLANG_WARN_NON_LITERAL_NULL_CONVERSION = YES;
				CLANG_WARN_OBJC_LITERAL_CONVERSION = YES;
				CLANG_WARN_OBJC_ROOT_CLASS = YES_ERROR;
				CLANG_WARN_RANGE_LOOP_ANALYSIS = YES;
				CLANG_WARN_STRICT_PROTOTYPES = YES;
				CLANG_WARN_SUSPICIOUS_MOVE = YES;
				CLANG_WARN_UNREACHABLE_CODE = YES;
				CLANG_WARN__DUPLICATE_METHOD_MATCH = YES;
				COPY_PHASE_STRIP = YES;
				DEBUG_INFORMATION_FORMAT = "dwarf-with-dsym";
				ENABLE_NS_ASSERTIONS = NO;
				ENABLE_STRICT_OBJC_MSGSEND = YES;
				GCC_C_LANGUAGE_STANDARD = gnu99;
				GCC_NO_COMMON_BLOCKS = YES;
				GCC_WARN_64_TO_32_BIT_CONVERSION = YES;
				GCC_WARN_ABOUT_RETURN_TYPE = YES_ERROR;
				GCC_WARN_UNDECLARED_SELECTOR = YES;
				GCC_WARN_UNINITIALIZED_AUTOS = YES_AGGRESSIVE;
				GCC_WARN_UNUSED_FUNCTION = YES;
				GCC_WARN_UNUSED_VARIABLE = YES;
				MACOSX_DEPLOYMENT_TARGET = 10.13;
				METAL_ENABLE_DEBUG_INFO = NO;
				SDKROOT = macosx;
				SWIFT_OPTIMIZATION_LEVEL = "-Owholemodule";
			};
			name = Release;
		};
		BDB6D55819440392001340B4 /* Debug */ = {
			isa = XCBuildConfiguration;
			baseConfigurationReference = BD25DB761C9EC5290001FEDF /* windmill.xcconfig */;
			buildSettings = {
				ASSETCATALOG_COMPILER_APPICON_NAME = AppIcon;
				CODE_SIGN_IDENTITY = "Mac Developer";
				CODE_SIGN_STYLE = Automatic;
				COMBINE_HIDPI_IMAGES = YES;
				DEVELOPMENT_TEAM = AQ2US2UQQ7;
				ENABLE_TESTABILITY = YES;
				FRAMEWORK_SEARCH_PATHS = (
					"$(inherited)",
					"$(PROJECT_DIR)",
					"$(PROJECT_DIR)/Carthage/Build/Mac",
				);
				INFOPLIST_FILE = windmill/Info.plist;
				LD_RUNPATH_SEARCH_PATHS = "$(inherited) @executable_path/../Frameworks @loader_path/../frameworks $(CONFIGURATION_BUILD_DIR)";
				PRODUCT_BUNDLE_IDENTIFIER = io.windmill.windmill;
				PRODUCT_NAME = Windmill;
				PROVISIONING_PROFILE_SPECIFIER = "";
				SWIFT_OPTIMIZATION_LEVEL = "-Onone";
				SWIFT_VERSION = 4.0;
			};
			name = Debug;
		};
		BDB6D55919440392001340B4 /* Release */ = {
			isa = XCBuildConfiguration;
			buildSettings = {
				ASSETCATALOG_COMPILER_APPICON_NAME = AppIcon;
				CODE_SIGN_IDENTITY = "Mac Developer";
				CODE_SIGN_STYLE = Automatic;
				COMBINE_HIDPI_IMAGES = YES;
				COPY_PHASE_STRIP = NO;
				DEVELOPMENT_TEAM = AQ2US2UQQ7;
				ENABLE_TESTABILITY = YES;
				FRAMEWORK_SEARCH_PATHS = (
					"$(inherited)",
					"$(PROJECT_DIR)",
					"$(PROJECT_DIR)/Carthage/Build/Mac",
				);
				GCC_SYMBOLS_PRIVATE_EXTERN = NO;
				INFOPLIST_FILE = windmill/Info.plist;
				LD_RUNPATH_SEARCH_PATHS = "$(inherited) @executable_path/../Frameworks @loader_path/../frameworks $(CONFIGURATION_BUILD_DIR)";
				PRODUCT_BUNDLE_IDENTIFIER = io.windmill.windmill;
				PRODUCT_NAME = Windmill;
				PROVISIONING_PROFILE_SPECIFIER = "";
				SWIFT_VERSION = 4.0;
			};
			name = Release;
		};
		BDB6D55B19440392001340B4 /* Debug */ = {
			isa = XCBuildConfiguration;
			buildSettings = {
				BUNDLE_LOADER = "$(BUILT_PRODUCTS_DIR)/Windmill.app/Contents/MacOS/Windmill";
				CODE_SIGN_IDENTITY = "Mac Developer";
				CODE_SIGN_STYLE = Automatic;
				COMBINE_HIDPI_IMAGES = YES;
				DEVELOPMENT_TEAM = "";
				FRAMEWORK_SEARCH_PATHS = (
					"$(DEVELOPER_FRAMEWORKS_DIR)",
					"$(inherited)",
					"$(PROJECT_DIR)/Carthage/Build/Mac",
				);
				GCC_PREPROCESSOR_DEFINITIONS = (
					"DEBUG=1",
					"$(inherited)",
				);
				INFOPLIST_FILE = windmillTests/Info.plist;
				LD_RUNPATH_SEARCH_PATHS = "$(inherited) @executable_path/../Frameworks @loader_path/../Frameworks";
				METAL_ENABLE_DEBUG_INFO = YES;
				PRODUCT_BUNDLE_IDENTIFIER = "com.qnoid.${PRODUCT_NAME:rfc1034identifier}";
				PRODUCT_NAME = "$(TARGET_NAME)";
				PROVISIONING_PROFILE_SPECIFIER = "";
				SWIFT_VERSION = 4.0;
				TEST_HOST = "$(BUNDLE_LOADER)";
			};
			name = Debug;
		};
		BDB6D55C19440392001340B4 /* Release */ = {
			isa = XCBuildConfiguration;
			buildSettings = {
				BUNDLE_LOADER = "$(BUILT_PRODUCTS_DIR)/Windmill.app/Contents/MacOS/Windmill";
				CODE_SIGN_IDENTITY = "Mac Developer";
				CODE_SIGN_STYLE = Automatic;
				COMBINE_HIDPI_IMAGES = YES;
				DEVELOPMENT_TEAM = "";
				FRAMEWORK_SEARCH_PATHS = (
					"$(DEVELOPER_FRAMEWORKS_DIR)",
					"$(inherited)",
					"$(PROJECT_DIR)/Carthage/Build/Mac",
				);
				INFOPLIST_FILE = windmillTests/Info.plist;
				LD_RUNPATH_SEARCH_PATHS = "$(inherited) @executable_path/../Frameworks @loader_path/../Frameworks";
				METAL_ENABLE_DEBUG_INFO = NO;
				PRODUCT_BUNDLE_IDENTIFIER = "com.qnoid.${PRODUCT_NAME:rfc1034identifier}";
				PRODUCT_NAME = "$(TARGET_NAME)";
				PROVISIONING_PROFILE_SPECIFIER = "";
				SWIFT_VERSION = 4.0;
				TEST_HOST = "$(BUNDLE_LOADER)";
			};
			name = Release;
		};
/* End XCBuildConfiguration section */

/* Begin XCConfigurationList section */
		BDB6D53619440392001340B4 /* Build configuration list for PBXProject "windmill" */ = {
			isa = XCConfigurationList;
			buildConfigurations = (
				BDB6D55519440392001340B4 /* Debug */,
				BDB6D55619440392001340B4 /* Release */,
			);
			defaultConfigurationIsVisible = 0;
			defaultConfigurationName = Release;
		};
		BDB6D55719440392001340B4 /* Build configuration list for PBXNativeTarget "windmill" */ = {
			isa = XCConfigurationList;
			buildConfigurations = (
				BDB6D55819440392001340B4 /* Debug */,
				BDB6D55919440392001340B4 /* Release */,
			);
			defaultConfigurationIsVisible = 0;
			defaultConfigurationName = Release;
		};
		BDB6D55A19440392001340B4 /* Build configuration list for PBXNativeTarget "windmillTests" */ = {
			isa = XCConfigurationList;
			buildConfigurations = (
				BDB6D55B19440392001340B4 /* Debug */,
				BDB6D55C19440392001340B4 /* Release */,
			);
			defaultConfigurationIsVisible = 0;
			defaultConfigurationName = Release;
		};
/* End XCConfigurationList section */
	};
	rootObject = BDB6D53319440392001340B4 /* Project object */;
}
