// !$*UTF8*$!
{
	archiveVersion = 1;
	classes = {
	};
	objectVersion = 48;
	objects = {

/* Begin PBXBuildFile section */
		BD182C3C2026F57E00E98E02 /* AppDelegate.swift in Sources */ = {isa = PBXBuildFile; fileRef = BD182C3B2026F57E00E98E02 /* AppDelegate.swift */; };
		BD182C3E2026F57E00E98E02 /* ViewController.swift in Sources */ = {isa = PBXBuildFile; fileRef = BD182C3D2026F57E00E98E02 /* ViewController.swift */; };
		BD182C412026F57E00E98E02 /* Main.storyboard in Resources */ = {isa = PBXBuildFile; fileRef = BD182C3F2026F57E00E98E02 /* Main.storyboard */; };
		BD182C432026F57E00E98E02 /* Assets.xcassets in Resources */ = {isa = PBXBuildFile; fileRef = BD182C422026F57E00E98E02 /* Assets.xcassets */; };
		BD182C462026F57E00E98E02 /* LaunchScreen.storyboard in Resources */ = {isa = PBXBuildFile; fileRef = BD182C442026F57E00E98E02 /* LaunchScreen.storyboard */; };
/* End PBXBuildFile section */

/* Begin PBXFileReference section */
		BD182C382026F57E00E98E02 /* no_simulator_available.app */ = {isa = PBXFileReference; explicitFileType = wrapper.application; includeInIndex = 0; path = no_simulator_available.app; sourceTree = BUILT_PRODUCTS_DIR; };
		BD182C3B2026F57E00E98E02 /* AppDelegate.swift */ = {isa = PBXFileReference; lastKnownFileType = sourcecode.swift; path = AppDelegate.swift; sourceTree = "<group>"; };
		BD182C3D2026F57E00E98E02 /* ViewController.swift */ = {isa = PBXFileReference; lastKnownFileType = sourcecode.swift; path = ViewController.swift; sourceTree = "<group>"; };
		BD182C402026F57E00E98E02 /* Base */ = {isa = PBXFileReference; lastKnownFileType = file.storyboard; name = Base; path = Base.lproj/Main.storyboard; sourceTree = "<group>"; };
		BD182C422026F57E00E98E02 /* Assets.xcassets */ = {isa = PBXFileReference; lastKnownFileType = folder.assetcatalog; path = Assets.xcassets; sourceTree = "<group>"; };
		BD182C452026F57E00E98E02 /* Base */ = {isa = PBXFileReference; lastKnownFileType = file.storyboard; name = Base; path = Base.lproj/LaunchScreen.storyboard; sourceTree = "<group>"; };
		BD182C472026F57E00E98E02 /* Info.plist */ = {isa = PBXFileReference; lastKnownFileType = text.plist.xml; path = Info.plist; sourceTree = "<group>"; };
/* End PBXFileReference section */

/* Begin PBXFrameworksBuildPhase section */
		BD182C352026F57E00E98E02 /* Frameworks */ = {
			isa = PBXFrameworksBuildPhase;
			buildActionMask = 2147483647;
			files = (
			);
			runOnlyForDeploymentPostprocessing = 0;
		};
/* End PBXFrameworksBuildPhase section */

/* Begin PBXGroup section */
		BD182C2F2026F57E00E98E02 = {
			isa = PBXGroup;
			children = (
				BD182C3A2026F57E00E98E02 /* no_simulator_available */,
				BD182C392026F57E00E98E02 /* Products */,
			);
			sourceTree = "<group>";
		};
		BD182C392026F57E00E98E02 /* Products */ = {
			isa = PBXGroup;
			children = (
				BD182C382026F57E00E98E02 /* no_simulator_available.app */,
			);
			name = Products;
			sourceTree = "<group>";
		};
		BD182C3A2026F57E00E98E02 /* no_simulator_available */ = {
			isa = PBXGroup;
			children = (
				BD182C3B2026F57E00E98E02 /* AppDelegate.swift */,
				BD182C3D2026F57E00E98E02 /* ViewController.swift */,
				BD182C3F2026F57E00E98E02 /* Main.storyboard */,
				BD182C422026F57E00E98E02 /* Assets.xcassets */,
				BD182C442026F57E00E98E02 /* LaunchScreen.storyboard */,
				BD182C472026F57E00E98E02 /* Info.plist */,
			);
			path = no_simulator_available;
			sourceTree = "<group>";
		};
/* End PBXGroup section */

/* Begin PBXNativeTarget section */
		BD182C372026F57E00E98E02 /* no_simulator_available */ = {
			isa = PBXNativeTarget;
			buildConfigurationList = BD182C4A2026F57E00E98E02 /* Build configuration list for PBXNativeTarget "no_simulator_available" */;
			buildPhases = (
				BD182C342026F57E00E98E02 /* Sources */,
				BD182C352026F57E00E98E02 /* Frameworks */,
				BD182C362026F57E00E98E02 /* Resources */,
			);
			buildRules = (
			);
			dependencies = (
			);
			name = no_simulator_available;
			productName = no_simulator_available;
			productReference = BD182C382026F57E00E98E02 /* no_simulator_available.app */;
			productType = "com.apple.product-type.application";
		};
/* End PBXNativeTarget section */

/* Begin PBXProject section */
		BD182C302026F57E00E98E02 /* Project object */ = {
			isa = PBXProject;
			attributes = {
				LastSwiftUpdateCheck = 0920;
				LastUpgradeCheck = 0920;
				ORGANIZATIONNAME = qnoid;
				TargetAttributes = {
					BD182C372026F57E00E98E02 = {
						CreatedOnToolsVersion = 9.2;
						ProvisioningStyle = Automatic;
					};
				};
			};
			buildConfigurationList = BD182C332026F57E00E98E02 /* Build configuration list for PBXProject "no_simulator_available" */;
			compatibilityVersion = "Xcode 8.0";
			developmentRegion = en;
			hasScannedForEncodings = 0;
			knownRegions = (
				en,
				Base,
			);
			mainGroup = BD182C2F2026F57E00E98E02;
			productRefGroup = BD182C392026F57E00E98E02 /* Products */;
			projectDirPath = "";
			projectRoot = "";
			targets = (
				BD182C372026F57E00E98E02 /* no_simulator_available */,
			);
		};
/* End PBXProject section */

/* Begin PBXResourcesBuildPhase section */
		BD182C362026F57E00E98E02 /* Resources */ = {
			isa = PBXResourcesBuildPhase;
			buildActionMask = 2147483647;
			files = (
				BD182C462026F57E00E98E02 /* LaunchScreen.storyboard in Resources */,
				BD182C432026F57E00E98E02 /* Assets.xcassets in Resources */,
				BD182C412026F57E00E98E02 /* Main.storyboard in Resources */,
			);
			runOnlyForDeploymentPostprocessing = 0;
		};
/* End PBXResourcesBuildPhase section */

/* Begin PBXSourcesBuildPhase section */
		BD182C342026F57E00E98E02 /* Sources */ = {
			isa = PBXSourcesBuildPhase;
			buildActionMask = 2147483647;
			files = (
				BD182C3E2026F57E00E98E02 /* ViewController.swift in Sources */,
				BD182C3C2026F57E00E98E02 /* AppDelegate.swift in Sources */,
			);
			runOnlyForDeploymentPostprocessing = 0;
		};
/* End PBXSourcesBuildPhase section */

/* Begin PBXVariantGroup section */
		BD182C3F2026F57E00E98E02 /* Main.storyboard */ = {
			isa = PBXVariantGroup;
			children = (
				BD182C402026F57E00E98E02 /* Base */,
			);
			name = Main.storyboard;
			sourceTree = "<group>";
		};
		BD182C442026F57E00E98E02 /* LaunchScreen.storyboard */ = {
			isa = PBXVariantGroup;
			children = (
				BD182C452026F57E00E98E02 /* Base */,
			);
			name = LaunchScreen.storyboard;
			sourceTree = "<group>";
		};
/* End PBXVariantGroup section */

/* Begin XCBuildConfiguration section */
		BD182C482026F57E00E98E02 /* Debug */ = {
			isa = XCBuildConfiguration;
			buildSettings = {
				ALWAYS_SEARCH_USER_PATHS = NO;
				CLANG_ANALYZER_NONNULL = YES;
				CLANG_ANALYZER_NUMBER_OBJECT_CONVERSION = YES_AGGRESSIVE;
				CLANG_CXX_LANGUAGE_STANDARD = "gnu++14";
				CLANG_CXX_LIBRARY = "libc++";
				CLANG_ENABLE_MODULES = YES;
				CLANG_ENABLE_OBJC_ARC = YES;
				CLANG_WARN_BLOCK_CAPTURE_AUTORELEASING = YES;
				CLANG_WARN_BOOL_CONVERSION = YES;
				CLANG_WARN_COMMA = YES;
				CLANG_WARN_CONSTANT_CONVERSION = YES;
				CLANG_WARN_DIRECT_OBJC_ISA_USAGE = YES_ERROR;
				CLANG_WARN_DOCUMENTATION_COMMENTS = YES;
				CLANG_WARN_EMPTY_BODY = YES;
				CLANG_WARN_ENUM_CONVERSION = YES;
				CLANG_WARN_INFINITE_RECURSION = YES;
				CLANG_WARN_INT_CONVERSION = YES;
				CLANG_WARN_NON_LITERAL_NULL_CONVERSION = YES;
				CLANG_WARN_OBJC_LITERAL_CONVERSION = YES;
				CLANG_WARN_OBJC_ROOT_CLASS = YES_ERROR;
				CLANG_WARN_RANGE_LOOP_ANALYSIS = YES;
				CLANG_WARN_STRICT_PROTOTYPES = YES;
				CLANG_WARN_SUSPICIOUS_MOVE = YES;
				CLANG_WARN_UNGUARDED_AVAILABILITY = YES_AGGRESSIVE;
				CLANG_WARN_UNREACHABLE_CODE = YES;
				CLANG_WARN__DUPLICATE_METHOD_MATCH = YES;
				CODE_SIGN_IDENTITY = "iPhone Developer";
				COPY_PHASE_STRIP = NO;
				DEBUG_INFORMATION_FORMAT = dwarf;
				ENABLE_STRICT_OBJC_MSGSEND = YES;
				ENABLE_TESTABILITY = YES;
				GCC_C_LANGUAGE_STANDARD = gnu11;
				GCC_DYNAMIC_NO_PIC = NO;
				GCC_NO_COMMON_BLOCKS = YES;
				GCC_OPTIMIZATION_LEVEL = 0;
				GCC_PREPROCESSOR_DEFINITIONS = (
					"DEBUG=1",
					"$(inherited)",
				);
				GCC_WARN_64_TO_32_BIT_CONVERSION = YES;
				GCC_WARN_ABOUT_RETURN_TYPE = YES_ERROR;
				GCC_WARN_UNDECLARED_SELECTOR = YES;
				GCC_WARN_UNINITIALIZED_AUTOS = YES_AGGRESSIVE;
				GCC_WARN_UNUSED_FUNCTION = YES;
				GCC_WARN_UNUSED_VARIABLE = YES;
				IPHONEOS_DEPLOYMENT_TARGET = 10.2;
				MTL_ENABLE_DEBUG_INFO = YES;
				ONLY_ACTIVE_ARCH = YES;
				SDKROOT = iphoneos;
				SWIFT_ACTIVE_COMPILATION_CONDITIONS = DEBUG;
				SWIFT_OPTIMIZATION_LEVEL = "-Onone";
			};
			name = Debug;
		};
		BD182C492026F57E00E98E02 /* Release */ = {
			isa = XCBuildConfiguration;
			buildSettings = {
				ALWAYS_SEARCH_USER_PATHS = NO;
				CLANG_ANALYZER_NONNULL = YES;
				CLANG_ANALYZER_NUMBER_OBJECT_CONVERSION = YES_AGGRESSIVE;
				CLANG_CXX_LANGUAGE_STANDARD = "gnu++14";
				CLANG_CXX_LIBRARY = "libc++";
				CLANG_ENABLE_MODULES = YES;
				CLANG_ENABLE_OBJC_ARC = YES;
				CLANG_WARN_BLOCK_CAPTURE_AUTORELEASING = YES;
				CLANG_WARN_BOOL_CONVERSION = YES;
				CLANG_WARN_COMMA = YES;
				CLANG_WARN_CONSTANT_CONVERSION = YES;
				CLANG_WARN_DIRECT_OBJC_ISA_USAGE = YES_ERROR;
				CLANG_WARN_DOCUMENTATION_COMMENTS = YES;
				CLANG_WARN_EMPTY_BODY = YES;
				CLANG_WARN_ENUM_CONVERSION = YES;
				CLANG_WARN_INFINITE_RECURSION = YES;
				CLANG_WARN_INT_CONVERSION = YES;
				CLANG_WARN_NON_LITERAL_NULL_CONVERSION = YES;
				CLANG_WARN_OBJC_LITERAL_CONVERSION = YES;
				CLANG_WARN_OBJC_ROOT_CLASS = YES_ERROR;
				CLANG_WARN_RANGE_LOOP_ANALYSIS = YES;
				CLANG_WARN_STRICT_PROTOTYPES = YES;
				CLANG_WARN_SUSPICIOUS_MOVE = YES;
				CLANG_WARN_UNGUARDED_AVAILABILITY = YES_AGGRESSIVE;
				CLANG_WARN_UNREACHABLE_CODE = YES;
				CLANG_WARN__DUPLICATE_METHOD_MATCH = YES;
				CODE_SIGN_IDENTITY = "iPhone Developer";
				COPY_PHASE_STRIP = NO;
				DEBUG_INFORMATION_FORMAT = "dwarf-with-dsym";
				ENABLE_NS_ASSERTIONS = NO;
				ENABLE_STRICT_OBJC_MSGSEND = YES;
				GCC_C_LANGUAGE_STANDARD = gnu11;
				GCC_NO_COMMON_BLOCKS = YES;
				GCC_WARN_64_TO_32_BIT_CONVERSION = YES;
				GCC_WARN_ABOUT_RETURN_TYPE = YES_ERROR;
				GCC_WARN_UNDECLARED_SELECTOR = YES;
				GCC_WARN_UNINITIALIZED_AUTOS = YES_AGGRESSIVE;
				GCC_WARN_UNUSED_FUNCTION = YES;
				GCC_WARN_UNUSED_VARIABLE = YES;
				IPHONEOS_DEPLOYMENT_TARGET = 10.2;
				MTL_ENABLE_DEBUG_INFO = NO;
				SDKROOT = iphoneos;
				SWIFT_OPTIMIZATION_LEVEL = "-Owholemodule";
				VALIDATE_PRODUCT = YES;
			};
			name = Release;
		};
		BD182C4B2026F57E00E98E02 /* Debug */ = {
			isa = XCBuildConfiguration;
			buildSettings = {
				ASSETCATALOG_COMPILER_APPICON_NAME = AppIcon;
				CODE_SIGN_STYLE = Automatic;
				DEVELOPMENT_TEAM = AQ2US2UQQ7;
				INFOPLIST_FILE = no_simulator_available/Info.plist;
				LD_RUNPATH_SEARCH_PATHS = "$(inherited) @executable_path/Frameworks";
				PRODUCT_BUNDLE_IDENTIFIER = "com.qnoid.no-simulator-available";
				PRODUCT_NAME = "$(TARGET_NAME)";
				SWIFT_VERSION = 4.0;
				TARGETED_DEVICE_FAMILY = "1,2";
			};
			name = Debug;
		};
		BD182C4C2026F57E00E98E02 /* Release */ = {
			isa = XCBuildConfiguration;
			buildSettings = {
				ASSETCATALOG_COMPILER_APPICON_NAME = AppIcon;
				CODE_SIGN_STYLE = Automatic;
				DEVELOPMENT_TEAM = AQ2US2UQQ7;
				INFOPLIST_FILE = no_simulator_available/Info.plist;
				LD_RUNPATH_SEARCH_PATHS = "$(inherited) @executable_path/Frameworks";
				PRODUCT_BUNDLE_IDENTIFIER = "com.qnoid.no-simulator-available";
				PRODUCT_NAME = "$(TARGET_NAME)";
				SWIFT_VERSION = 4.0;
				TARGETED_DEVICE_FAMILY = "1,2";
			};
			name = Release;
		};
/* End XCBuildConfiguration section */

/* Begin XCConfigurationList section */
		BD182C332026F57E00E98E02 /* Build configuration list for PBXProject "no_simulator_available" */ = {
			isa = XCConfigurationList;
			buildConfigurations = (
				BD182C482026F57E00E98E02 /* Debug */,
				BD182C492026F57E00E98E02 /* Release */,
			);
			defaultConfigurationIsVisible = 0;
			defaultConfigurationName = Release;
		};
		BD182C4A2026F57E00E98E02 /* Build configuration list for PBXNativeTarget "no_simulator_available" */ = {
			isa = XCConfigurationList;
			buildConfigurations = (
				BD182C4B2026F57E00E98E02 /* Debug */,
				BD182C4C2026F57E00E98E02 /* Release */,
			);
			defaultConfigurationIsVisible = 0;
			defaultConfigurationName = Release;
		};
/* End XCConfigurationList section */
	};
	rootObject = BD182C302026F57E00E98E02 /* Project object */;
}
